// !$*UTF8*$!
{
	archiveVersion = 1;
	classes = {
	};
	objectVersion = 56;
	objects = {

/* Begin PBXBuildFile section */
		1EBC8D41299CD0480024A156 /* AppDelegate.m in Sources */ = {isa = PBXBuildFile; fileRef = 1EBC8D40299CD0480024A156 /* AppDelegate.m */; };
		1EBC8D44299CD0480024A156 /* SceneDelegate.m in Sources */ = {isa = PBXBuildFile; fileRef = 1EBC8D43299CD0480024A156 /* SceneDelegate.m */; };
		1EBC8D47299CD0480024A156 /* ViewController.m in Sources */ = {isa = PBXBuildFile; fileRef = 1EBC8D46299CD0480024A156 /* ViewController.m */; };
		1EBC8D4A299CD0480024A156 /* Main.storyboard in Resources */ = {isa = PBXBuildFile; fileRef = 1EBC8D48299CD0480024A156 /* Main.storyboard */; };
		1EBC8D4C299CD04C0024A156 /* Assets.xcassets in Resources */ = {isa = PBXBuildFile; fileRef = 1EBC8D4B299CD04C0024A156 /* Assets.xcassets */; };
		1EBC8D4F299CD04C0024A156 /* LaunchScreen.storyboard in Resources */ = {isa = PBXBuildFile; fileRef = 1EBC8D4D299CD04C0024A156 /* LaunchScreen.storyboard */; };
		1EBC8D52299CD04C0024A156 /* main.m in Sources */ = {isa = PBXBuildFile; fileRef = 1EBC8D51299CD04C0024A156 /* main.m */; };
		1EBC8D5C299CD04D0024A156 /* _02_RunLoop____Tests.m in Sources */ = {isa = PBXBuildFile; fileRef = 1EBC8D5B299CD04D0024A156 /* _02_RunLoop____Tests.m */; };
		1EBC8D66299CD04D0024A156 /* _02_RunLoop____UITests.m in Sources */ = {isa = PBXBuildFile; fileRef = 1EBC8D65299CD04D0024A156 /* _02_RunLoop____UITests.m */; };
		1EBC8D68299CD04D0024A156 /* _02_RunLoop____UITestsLaunchTests.m in Sources */ = {isa = PBXBuildFile; fileRef = 1EBC8D67299CD04D0024A156 /* _02_RunLoop____UITestsLaunchTests.m */; };
		1EBC8E1C299CD10A0024A156 /* CFSet.c in Sources */ = {isa = PBXBuildFile; fileRef = 1EBC8D75299CD0910024A156 /* CFSet.c */; };
		1EBC8E1D299CD10A0024A156 /* CFDictionary.c in Sources */ = {isa = PBXBuildFile; fileRef = 1EBC8D77299CD0940024A156 /* CFDictionary.c */; };
		1EBC8E1E299CD10A0024A156 /* CFBitVector.c in Sources */ = {isa = PBXBuildFile; fileRef = 1EBC8D78299CD0940024A156 /* CFBitVector.c */; };
		1EBC8E1F299CD10A0024A156 /* CFBundle_InfoPlist.c in Sources */ = {isa = PBXBuildFile; fileRef = 1EBC8D79299CD0950024A156 /* CFBundle_InfoPlist.c */; };
		1EBC8E20299CD10A0024A156 /* CFUserNotification.c in Sources */ = {isa = PBXBuildFile; fileRef = 1EBC8D7A299CD0960024A156 /* CFUserNotification.c */; };
		1EBC8E21299CD10A0024A156 /* CFBase.c in Sources */ = {isa = PBXBuildFile; fileRef = 1EBC8D7B299CD0980024A156 /* CFBase.c */; };
		1EBC8E22299CD10A0024A156 /* CFBasicHash.c in Sources */ = {isa = PBXBuildFile; fileRef = 1EBC8D7D299CD09B0024A156 /* CFBasicHash.c */; };
		1EBC8E23299CD10A0024A156 /* CFLocaleIdentifier.c in Sources */ = {isa = PBXBuildFile; fileRef = 1EBC8D7E299CD09C0024A156 /* CFLocaleIdentifier.c */; };
		1EBC8E24299CD10A0024A156 /* CFLocaleKeys.c in Sources */ = {isa = PBXBuildFile; fileRef = 1EBC8D7F299CD09D0024A156 /* CFLocaleKeys.c */; };
		1EBC8E25299CD10A0024A156 /* CFDateFormatter.c in Sources */ = {isa = PBXBuildFile; fileRef = 1EBC8D82299CD09F0024A156 /* CFDateFormatter.c */; };
		1EBC8E26299CD10A0024A156 /* CFCalendar.c in Sources */ = {isa = PBXBuildFile; fileRef = 1EBC8D85299CD0A10024A156 /* CFCalendar.c */; };
		1EBC8E27299CD10A0024A156 /* CFBasicHashFindBucket.m in Sources */ = {isa = PBXBuildFile; fileRef = 1EBC8D86299CD0A10024A156 /* CFBasicHashFindBucket.m */; };
		1EBC8E28299CD10A0024A156 /* CFTree.c in Sources */ = {isa = PBXBuildFile; fileRef = 1EBC8D88299CD0A30024A156 /* CFTree.c */; };
		1EBC8E29299CD10A0024A156 /* CFPreferences.c in Sources */ = {isa = PBXBuildFile; fileRef = 1EBC8D8D299CD0A80024A156 /* CFPreferences.c */; };
		1EBC8E2A299CD10A0024A156 /* CFURL.c in Sources */ = {isa = PBXBuildFile; fileRef = 1EBC8D8F299CD0AC0024A156 /* CFURL.c */; };
		1EBC8E2B299CD10A0024A156 /* CFPlatform.c in Sources */ = {isa = PBXBuildFile; fileRef = 1EBC8D90299CD0AC0024A156 /* CFPlatform.c */; };
		1EBC8E2C299CD10A0024A156 /* CFMessagePort.c in Sources */ = {isa = PBXBuildFile; fileRef = 1EBC8D91299CD0AD0024A156 /* CFMessagePort.c */; };
		1EBC8E2D299CD10A0024A156 /* CFBuiltinConverters.c in Sources */ = {isa = PBXBuildFile; fileRef = 1EBC8D92299CD0AD0024A156 /* CFBuiltinConverters.c */; };
		1EBC8E2E299CD10A0024A156 /* CFStream.c in Sources */ = {isa = PBXBuildFile; fileRef = 1EBC8D93299CD0AE0024A156 /* CFStream.c */; };
		1EBC8E2F299CD10A0024A156 /* CFPlugIn_Instance.c in Sources */ = {isa = PBXBuildFile; fileRef = 1EBC8D94299CD0AF0024A156 /* CFPlugIn_Instance.c */; };
		1EBC8E30299CD10A0024A156 /* CFNumberFormatter.c in Sources */ = {isa = PBXBuildFile; fileRef = 1EBC8D97299CD0B10024A156 /* CFNumberFormatter.c */; };
		1EBC8E31299CD10A0024A156 /* MakefileVersion in Resources */ = {isa = PBXBuildFile; fileRef = 1EBC8D98299CD0B10024A156 /* MakefileVersion */; };
		1EBC8E32299CD10A0024A156 /* CFUtilities.c in Sources */ = {isa = PBXBuildFile; fileRef = 1EBC8D9C299CD0B40024A156 /* CFUtilities.c */; };
		1EBC8E33299CD10A0024A156 /* CFConcreteStreams.c in Sources */ = {isa = PBXBuildFile; fileRef = 1EBC8D9D299CD0B40024A156 /* CFConcreteStreams.c */; };
		1EBC8E34299CD10A0024A156 /* CFBundle_Binary.c in Sources */ = {isa = PBXBuildFile; fileRef = 1EBC8D9E299CD0B50024A156 /* CFBundle_Binary.c */; };
		1EBC8E35299CD10A0024A156 /* Makefile in Sources */ = {isa = PBXBuildFile; fileRef = 1EBC8D9F299CD0B60024A156 /* Makefile */; };
		1EBC8E36299CD10A0024A156 /* CFSocketStream.c in Sources */ = {isa = PBXBuildFile; fileRef = 1EBC8DA0299CD0B60024A156 /* CFSocketStream.c */; };
		1EBC8E37299CD10A0024A156 /* CFUniCharPropertyDatabase.data in Resources */ = {isa = PBXBuildFile; fileRef = 1EBC8DA3299CD0B80024A156 /* CFUniCharPropertyDatabase.data */; };
		1EBC8E38299CD10A0024A156 /* CFPlugIn.c in Sources */ = {isa = PBXBuildFile; fileRef = 1EBC8DA4299CD0B90024A156 /* CFPlugIn.c */; };
		1EBC8E39299CD10A0024A156 /* CFBinaryHeap.c in Sources */ = {isa = PBXBuildFile; fileRef = 1EBC8DA6299CD0BA0024A156 /* CFBinaryHeap.c */; };
		1EBC8E3A299CD10A0024A156 /* CFUnicodePrecomposition.c in Sources */ = {isa = PBXBuildFile; fileRef = 1EBC8DA7299CD0BB0024A156 /* CFUnicodePrecomposition.c */; };
		1EBC8E3B299CD10A0024A156 /* APPLE_LICENSE in Resources */ = {isa = PBXBuildFile; fileRef = 1EBC8DAB299CD0BD0024A156 /* APPLE_LICENSE */; };
		1EBC8E3C299CD10A0024A156 /* CFXMLTree.c in Sources */ = {isa = PBXBuildFile; fileRef = 1EBC8DAD299CD0BE0024A156 /* CFXMLTree.c */; };
		1EBC8E3D299CD10A0024A156 /* CFBundle_Resources.c in Sources */ = {isa = PBXBuildFile; fileRef = 1EBC8DAE299CD0BF0024A156 /* CFBundle_Resources.c */; };
		1EBC8E3E299CD10A0024A156 /* CFTimeZone.c in Sources */ = {isa = PBXBuildFile; fileRef = 1EBC8DAF299CD0C00024A156 /* CFTimeZone.c */; };
		1EBC8E3F299CD10A0024A156 /* CFPlugIn_Factory.c in Sources */ = {isa = PBXBuildFile; fileRef = 1EBC8DB1299CD0C10024A156 /* CFPlugIn_Factory.c */; };
		1EBC8E40299CD10A0024A156 /* CFOldStylePList.c in Sources */ = {isa = PBXBuildFile; fileRef = 1EBC8DB3299CD0C20024A156 /* CFOldStylePList.c */; };
		1EBC8E41299CD10A0024A156 /* CFXMLInputStream.c in Sources */ = {isa = PBXBuildFile; fileRef = 1EBC8DB4299CD0C30024A156 /* CFXMLInputStream.c */; };
		1EBC8E42299CD10A0024A156 /* plconvert.c in Sources */ = {isa = PBXBuildFile; fileRef = 1EBC8DB6299CD0C30024A156 /* plconvert.c */; };
		1EBC8E43299CD10A0024A156 /* CFICUConverters.c in Sources */ = {isa = PBXBuildFile; fileRef = 1EBC8DB7299CD0C40024A156 /* CFICUConverters.c */; };
		1EBC8E44299CD10A0024A156 /* CFSystemDirectories.c in Sources */ = {isa = PBXBuildFile; fileRef = 1EBC8DBA299CD0C60024A156 /* CFSystemDirectories.c */; };
		1EBC8E45299CD10A0024A156 /* CFPropertyList.c in Sources */ = {isa = PBXBuildFile; fileRef = 1EBC8DBC299CD0C70024A156 /* CFPropertyList.c */; };
		1EBC8E46299CD10A0024A156 /* CFBurstTrie.c in Sources */ = {isa = PBXBuildFile; fileRef = 1EBC8DBD299CD0C80024A156 /* CFBurstTrie.c */; };
		1EBC8E47299CD10A0024A156 /* CFLocale.c in Sources */ = {isa = PBXBuildFile; fileRef = 1EBC8DC0299CD0CA0024A156 /* CFLocale.c */; };
		1EBC8E48299CD10A0024A156 /* CFStringScanner.c in Sources */ = {isa = PBXBuildFile; fileRef = 1EBC8DC4299CD0CC0024A156 /* CFStringScanner.c */; };
		1EBC8E49299CD10A0024A156 /* CFRunLoop.c in Sources */ = {isa = PBXBuildFile; fileRef = 1EBC8DC5299CD0CD0024A156 /* CFRunLoop.c */; };
		1EBC8E4A299CD10A0024A156 /* Info.plist in Resources */ = {isa = PBXBuildFile; fileRef = 1EBC8DC6299CD0CE0024A156 /* Info.plist */; };
		1EBC8E4B299CD10A0024A156 /* CFPlatformConverters.c in Sources */ = {isa = PBXBuildFile; fileRef = 1EBC8DC8299CD0CF0024A156 /* CFPlatformConverters.c */; };
		1EBC8E4C299CD10A0024A156 /* CFWindowsUtilities.c in Sources */ = {isa = PBXBuildFile; fileRef = 1EBC8DC9299CD0D00024A156 /* CFWindowsUtilities.c */; };
		1EBC8E4D299CD10A0024A156 /* CFUnicodeDecomposition.c in Sources */ = {isa = PBXBuildFile; fileRef = 1EBC8DCA299CD0D00024A156 /* CFUnicodeDecomposition.c */; };
		1EBC8E4E299CD10A0024A156 /* CFXMLPreferencesDomain.c in Sources */ = {isa = PBXBuildFile; fileRef = 1EBC8DCB299CD0D10024A156 /* CFXMLPreferencesDomain.c */; };
		1EBC8E4F299CD10A0024A156 /* SymbolAliases in Resources */ = {isa = PBXBuildFile; fileRef = 1EBC8DCE299CD0D30024A156 /* SymbolAliases */; };
		1EBC8E50299CD10A0024A156 /* CFFileUtilities.c in Sources */ = {isa = PBXBuildFile; fileRef = 1EBC8DCF299CD0D40024A156 /* CFFileUtilities.c */; };
		1EBC8E51299CD10A0024A156 /* CFError.c in Sources */ = {isa = PBXBuildFile; fileRef = 1EBC8DD2299CD0D50024A156 /* CFError.c */; };
		1EBC8E52299CD10A0024A156 /* CFUUID.c in Sources */ = {isa = PBXBuildFile; fileRef = 1EBC8DD4299CD0D70024A156 /* CFUUID.c */; };
		1EBC8E53299CD10A0024A156 /* CFCharacterSetBitmaps.bitmap in Resources */ = {isa = PBXBuildFile; fileRef = 1EBC8DD5299CD0D70024A156 /* CFCharacterSetBitmaps.bitmap */; };
		1EBC8E54299CD10A0024A156 /* CFUniChar.c in Sources */ = {isa = PBXBuildFile; fileRef = 1EBC8DD8299CD0D90024A156 /* CFUniChar.c */; };
		1EBC8E55299CD10A0024A156 /* plconvert.c in Sources */ = {isa = PBXBuildFile; fileRef = 1EBC8DD9299CD0DA0024A156 /* plconvert.c */; };
		1EBC8E56299CD10A0024A156 /* CFString.c in Sources */ = {isa = PBXBuildFile; fileRef = 1EBC8DDA299CD0DA0024A156 /* CFString.c */; };
		1EBC8E57299CD10A0024A156 /* PropertyList.dtd in Resources */ = {isa = PBXBuildFile; fileRef = 1EBC8DDB299CD0DB0024A156 /* PropertyList.dtd */; };
		1EBC8E58299CD10B0024A156 /* CFStringEncodingDatabase.c in Sources */ = {isa = PBXBuildFile; fileRef = 1EBC8DDC299CD0DC0024A156 /* CFStringEncodingDatabase.c */; };
		1EBC8E59299CD10B0024A156 /* CFStringEncodings.c in Sources */ = {isa = PBXBuildFile; fileRef = 1EBC8DDE299CD0DD0024A156 /* CFStringEncodings.c */; };
		1EBC8E5A299CD10B0024A156 /* CFBundle.c in Sources */ = {isa = PBXBuildFile; fileRef = 1EBC8DDF299CD0DE0024A156 /* CFBundle.c */; };
		1EBC8E5B299CD10B0024A156 /* CFStringUtilities.c in Sources */ = {isa = PBXBuildFile; fileRef = 1EBC8DE0299CD0DE0024A156 /* CFStringUtilities.c */; };
		1EBC8E5C299CD10B0024A156 /* CFBundle_Grok.c in Sources */ = {isa = PBXBuildFile; fileRef = 1EBC8DE4299CD0E10024A156 /* CFBundle_Grok.c */; };
		1EBC8E5D299CD10B0024A156 /* CFBag.c in Sources */ = {isa = PBXBuildFile; fileRef = 1EBC8DE7299CD0E40024A156 /* CFBag.c */; };
		1EBC8E5E299CD10B0024A156 /* CFUnicodeData-B.mapping in Resources */ = {isa = PBXBuildFile; fileRef = 1EBC8DE9299CD0E60024A156 /* CFUnicodeData-B.mapping */; };
		1EBC8E5F299CD10B0024A156 /* CFNumber.c in Sources */ = {isa = PBXBuildFile; fileRef = 1EBC8DEA299CD0E80024A156 /* CFNumber.c */; };
		1EBC8E60299CD10B0024A156 /* CFXMLNode.c in Sources */ = {isa = PBXBuildFile; fileRef = 1EBC8DF0299CD0EE0024A156 /* CFXMLNode.c */; };
		1EBC8E61299CD10B0024A156 /* CFVersion.c in Sources */ = {isa = PBXBuildFile; fileRef = 1EBC8DF1299CD0F00024A156 /* CFVersion.c */; };
		1EBC8E62299CD10B0024A156 /* CFSortFunctions.c in Sources */ = {isa = PBXBuildFile; fileRef = 1EBC8DF2299CD0F30024A156 /* CFSortFunctions.c */; };
		1EBC8E63299CD10B0024A156 /* CFData.c in Sources */ = {isa = PBXBuildFile; fileRef = 1EBC8DF3299CD0F40024A156 /* CFData.c */; };
		1EBC8E64299CD10B0024A156 /* MakefileLinux in Resources */ = {isa = PBXBuildFile; fileRef = 1EBC8DF5299CD0F60024A156 /* MakefileLinux */; };
		1EBC8E65299CD10B0024A156 /* CFPlugIn_PlugIn.c in Sources */ = {isa = PBXBuildFile; fileRef = 1EBC8DF7299CD0F80024A156 /* CFPlugIn_PlugIn.c */; };
		1EBC8E66299CD10B0024A156 /* CFMachPort.c in Sources */ = {isa = PBXBuildFile; fileRef = 1EBC8DFA299CD0FA0024A156 /* CFMachPort.c */; };
		1EBC8E67299CD10B0024A156 /* CFBundle_Locale.c in Sources */ = {isa = PBXBuildFile; fileRef = 1EBC8DFD299CD0FD0024A156 /* CFBundle_Locale.c */; };
		1EBC8E68299CD10B0024A156 /* CFApplicationPreferences.c in Sources */ = {isa = PBXBuildFile; fileRef = 1EBC8E00299CD0FF0024A156 /* CFApplicationPreferences.c */; };
		1EBC8E69299CD10B0024A156 /* CFStringEncodingConverter.c in Sources */ = {isa = PBXBuildFile; fileRef = 1EBC8E02299CD1010024A156 /* CFStringEncodingConverter.c */; };
		1EBC8E6A299CD10B0024A156 /* README_CFLITE in Resources */ = {isa = PBXBuildFile; fileRef = 1EBC8E04299CD1020024A156 /* README_CFLITE */; };
		1EBC8E6B299CD10B0024A156 /* CFSocket.c in Sources */ = {isa = PBXBuildFile; fileRef = 1EBC8E06299CD1020024A156 /* CFSocket.c */; };
		1EBC8E6C299CD10B0024A156 /* CFUnicodeData-L.mapping in Resources */ = {isa = PBXBuildFile; fileRef = 1EBC8E07299CD1020024A156 /* CFUnicodeData-L.mapping */; };
		1EBC8E6D299CD10B0024A156 /* CFArray.c in Sources */ = {isa = PBXBuildFile; fileRef = 1EBC8E08299CD1030024A156 /* CFArray.c */; };
		1EBC8E6E299CD10B0024A156 /* CFBigNumber.c in Sources */ = {isa = PBXBuildFile; fileRef = 1EBC8E0F299CD1070024A156 /* CFBigNumber.c */; };
		1EBC8E6F299CD10B0024A156 /* CFBinaryPList.c in Sources */ = {isa = PBXBuildFile; fileRef = 1EBC8E10299CD1070024A156 /* CFBinaryPList.c */; };
		1EBC8E70299CD10B0024A156 /* CFRuntime.c in Sources */ = {isa = PBXBuildFile; fileRef = 1EBC8E11299CD1070024A156 /* CFRuntime.c */; };
		1EBC8E71299CD10B0024A156 /* CFXMLParser.c in Sources */ = {isa = PBXBuildFile; fileRef = 1EBC8E12299CD1070024A156 /* CFXMLParser.c */; };
		1EBC8E72299CD10B0024A156 /* CFBundle_Strings.c in Sources */ = {isa = PBXBuildFile; fileRef = 1EBC8E13299CD1080024A156 /* CFBundle_Strings.c */; };
		1EBC8E73299CD10B0024A156 /* CFDate.c in Sources */ = {isa = PBXBuildFile; fileRef = 1EBC8E14299CD1080024A156 /* CFDate.c */; };
		1EBC8E74299CD10B0024A156 /* CFCharacterSet.c in Sources */ = {isa = PBXBuildFile; fileRef = 1EBC8E17299CD1090024A156 /* CFCharacterSet.c */; };
		1EBC8E75299CD10B0024A156 /* CFStorage.c in Sources */ = {isa = PBXBuildFile; fileRef = 1EBC8E18299CD1090024A156 /* CFStorage.c */; };
		1EBC8E76299CD10B0024A156 /* CFURLAccess.c in Sources */ = {isa = PBXBuildFile; fileRef = 1EBC8E1B299CD1090024A156 /* CFURLAccess.c */; };
/* End PBXBuildFile section */

/* Begin PBXContainerItemProxy section */
		1EBC8D58299CD04D0024A156 /* PBXContainerItemProxy */ = {
			isa = PBXContainerItemProxy;
			containerPortal = 1EBC8D34299CD0470024A156 /* Project object */;
			proxyType = 1;
			remoteGlobalIDString = 1EBC8D3B299CD0480024A156;
			remoteInfo = "002-RunLoop源码了解";
		};
		1EBC8D62299CD04D0024A156 /* PBXContainerItemProxy */ = {
			isa = PBXContainerItemProxy;
			containerPortal = 1EBC8D34299CD0470024A156 /* Project object */;
			proxyType = 1;
			remoteGlobalIDString = 1EBC8D3B299CD0480024A156;
			remoteInfo = "002-RunLoop源码了解";
		};
/* End PBXContainerItemProxy section */

/* Begin PBXFileReference section */
		1EBC8D3C299CD0480024A156 /* 002-RunLoop源码了解.app */ = {isa = PBXFileReference; explicitFileType = wrapper.application; includeInIndex = 0; path = "002-RunLoop源码了解.app"; sourceTree = BUILT_PRODUCTS_DIR; };
		1EBC8D3F299CD0480024A156 /* AppDelegate.h */ = {isa = PBXFileReference; lastKnownFileType = sourcecode.c.h; path = AppDelegate.h; sourceTree = "<group>"; };
		1EBC8D40299CD0480024A156 /* AppDelegate.m */ = {isa = PBXFileReference; lastKnownFileType = sourcecode.c.objc; path = AppDelegate.m; sourceTree = "<group>"; };
		1EBC8D42299CD0480024A156 /* SceneDelegate.h */ = {isa = PBXFileReference; lastKnownFileType = sourcecode.c.h; path = SceneDelegate.h; sourceTree = "<group>"; };
		1EBC8D43299CD0480024A156 /* SceneDelegate.m */ = {isa = PBXFileReference; lastKnownFileType = sourcecode.c.objc; path = SceneDelegate.m; sourceTree = "<group>"; };
		1EBC8D45299CD0480024A156 /* ViewController.h */ = {isa = PBXFileReference; lastKnownFileType = sourcecode.c.h; path = ViewController.h; sourceTree = "<group>"; };
		1EBC8D46299CD0480024A156 /* ViewController.m */ = {isa = PBXFileReference; lastKnownFileType = sourcecode.c.objc; path = ViewController.m; sourceTree = "<group>"; };
		1EBC8D49299CD0480024A156 /* Base */ = {isa = PBXFileReference; lastKnownFileType = file.storyboard; name = Base; path = Base.lproj/Main.storyboard; sourceTree = "<group>"; };
		1EBC8D4B299CD04C0024A156 /* Assets.xcassets */ = {isa = PBXFileReference; lastKnownFileType = folder.assetcatalog; path = Assets.xcassets; sourceTree = "<group>"; };
		1EBC8D4E299CD04C0024A156 /* Base */ = {isa = PBXFileReference; lastKnownFileType = file.storyboard; name = Base; path = Base.lproj/LaunchScreen.storyboard; sourceTree = "<group>"; };
		1EBC8D50299CD04C0024A156 /* Info.plist */ = {isa = PBXFileReference; lastKnownFileType = text.plist.xml; path = Info.plist; sourceTree = "<group>"; };
		1EBC8D51299CD04C0024A156 /* main.m */ = {isa = PBXFileReference; lastKnownFileType = sourcecode.c.objc; path = main.m; sourceTree = "<group>"; };
		1EBC8D57299CD04D0024A156 /* 002-RunLoop源码了解Tests.xctest */ = {isa = PBXFileReference; explicitFileType = wrapper.cfbundle; includeInIndex = 0; path = "002-RunLoop源码了解Tests.xctest"; sourceTree = BUILT_PRODUCTS_DIR; };
		1EBC8D5B299CD04D0024A156 /* _02_RunLoop____Tests.m */ = {isa = PBXFileReference; lastKnownFileType = sourcecode.c.objc; path = "_02_RunLoop____Tests.m"; sourceTree = "<group>"; };
		1EBC8D61299CD04D0024A156 /* 002-RunLoop源码了解UITests.xctest */ = {isa = PBXFileReference; explicitFileType = wrapper.cfbundle; includeInIndex = 0; path = "002-RunLoop源码了解UITests.xctest"; sourceTree = BUILT_PRODUCTS_DIR; };
		1EBC8D65299CD04D0024A156 /* _02_RunLoop____UITests.m */ = {isa = PBXFileReference; lastKnownFileType = sourcecode.c.objc; path = "_02_RunLoop____UITests.m"; sourceTree = "<group>"; };
		1EBC8D67299CD04D0024A156 /* _02_RunLoop____UITestsLaunchTests.m */ = {isa = PBXFileReference; lastKnownFileType = sourcecode.c.objc; path = "_02_RunLoop____UITestsLaunchTests.m"; sourceTree = "<group>"; };
		1EBC8D75299CD0910024A156 /* CFSet.c */ = {isa = PBXFileReference; fileEncoding = 4; lastKnownFileType = sourcecode.c.c; path = CFSet.c; sourceTree = "<group>"; };
		1EBC8D76299CD0920024A156 /* CFError_Private.h */ = {isa = PBXFileReference; fileEncoding = 4; lastKnownFileType = sourcecode.c.h; path = CFError_Private.h; sourceTree = "<group>"; };
		1EBC8D77299CD0940024A156 /* CFDictionary.c */ = {isa = PBXFileReference; fileEncoding = 4; lastKnownFileType = sourcecode.c.c; path = CFDictionary.c; sourceTree = "<group>"; };
		1EBC8D78299CD0940024A156 /* CFBitVector.c */ = {isa = PBXFileReference; fileEncoding = 4; lastKnownFileType = sourcecode.c.c; path = CFBitVector.c; sourceTree = "<group>"; };
		1EBC8D79299CD0950024A156 /* CFBundle_InfoPlist.c */ = {isa = PBXFileReference; fileEncoding = 4; lastKnownFileType = sourcecode.c.c; path = CFBundle_InfoPlist.c; sourceTree = "<group>"; };
		1EBC8D7A299CD0960024A156 /* CFUserNotification.c */ = {isa = PBXFileReference; fileEncoding = 4; lastKnownFileType = sourcecode.c.c; path = CFUserNotification.c; sourceTree = "<group>"; };
		1EBC8D7B299CD0980024A156 /* CFBase.c */ = {isa = PBXFileReference; fileEncoding = 4; lastKnownFileType = sourcecode.c.c; path = CFBase.c; sourceTree = "<group>"; };
		1EBC8D7C299CD09A0024A156 /* CFError.h */ = {isa = PBXFileReference; fileEncoding = 4; lastKnownFileType = sourcecode.c.h; path = CFError.h; sourceTree = "<group>"; };
		1EBC8D7D299CD09B0024A156 /* CFBasicHash.c */ = {isa = PBXFileReference; fileEncoding = 4; lastKnownFileType = sourcecode.c.c; path = CFBasicHash.c; sourceTree = "<group>"; };
		1EBC8D7E299CD09C0024A156 /* CFLocaleIdentifier.c */ = {isa = PBXFileReference; fileEncoding = 4; lastKnownFileType = sourcecode.c.c; path = CFLocaleIdentifier.c; sourceTree = "<group>"; };
		1EBC8D7F299CD09D0024A156 /* CFLocaleKeys.c */ = {isa = PBXFileReference; fileEncoding = 4; lastKnownFileType = sourcecode.c.c; path = CFLocaleKeys.c; sourceTree = "<group>"; };
		1EBC8D80299CD09D0024A156 /* CFNumber.h */ = {isa = PBXFileReference; fileEncoding = 4; lastKnownFileType = sourcecode.c.h; path = CFNumber.h; sourceTree = "<group>"; };
		1EBC8D81299CD09E0024A156 /* CFStreamPriv.h */ = {isa = PBXFileReference; fileEncoding = 4; lastKnownFileType = sourcecode.c.h; path = CFStreamPriv.h; sourceTree = "<group>"; };
		1EBC8D82299CD09F0024A156 /* CFDateFormatter.c */ = {isa = PBXFileReference; fileEncoding = 4; lastKnownFileType = sourcecode.c.c; path = CFDateFormatter.c; sourceTree = "<group>"; };
		1EBC8D83299CD09F0024A156 /* CFMessagePort.h */ = {isa = PBXFileReference; fileEncoding = 4; lastKnownFileType = sourcecode.c.h; path = CFMessagePort.h; sourceTree = "<group>"; };
		1EBC8D84299CD0A00024A156 /* CFPriv.h */ = {isa = PBXFileReference; fileEncoding = 4; lastKnownFileType = sourcecode.c.h; path = CFPriv.h; sourceTree = "<group>"; };
		1EBC8D85299CD0A10024A156 /* CFCalendar.c */ = {isa = PBXFileReference; fileEncoding = 4; lastKnownFileType = sourcecode.c.c; path = CFCalendar.c; sourceTree = "<group>"; };
		1EBC8D86299CD0A10024A156 /* CFBasicHashFindBucket.m */ = {isa = PBXFileReference; fileEncoding = 4; lastKnownFileType = sourcecode.c.objc; path = CFBasicHashFindBucket.m; sourceTree = "<group>"; };
		1EBC8D87299CD0A30024A156 /* CFStreamAbstract.h */ = {isa = PBXFileReference; fileEncoding = 4; lastKnownFileType = sourcecode.c.h; path = CFStreamAbstract.h; sourceTree = "<group>"; };
		1EBC8D88299CD0A30024A156 /* CFTree.c */ = {isa = PBXFileReference; fileEncoding = 4; lastKnownFileType = sourcecode.c.c; path = CFTree.c; sourceTree = "<group>"; };
		1EBC8D89299CD0A40024A156 /* CFSocket.h */ = {isa = PBXFileReference; fileEncoding = 4; lastKnownFileType = sourcecode.c.h; path = CFSocket.h; sourceTree = "<group>"; };
		1EBC8D8A299CD0A50024A156 /* CFICULogging.h */ = {isa = PBXFileReference; fileEncoding = 4; lastKnownFileType = sourcecode.c.h; path = CFICULogging.h; sourceTree = "<group>"; };
		1EBC8D8B299CD0A60024A156 /* CFStreamInternal.h */ = {isa = PBXFileReference; fileEncoding = 4; lastKnownFileType = sourcecode.c.h; path = CFStreamInternal.h; sourceTree = "<group>"; };
		1EBC8D8C299CD0A80024A156 /* CFArray.h */ = {isa = PBXFileReference; fileEncoding = 4; lastKnownFileType = sourcecode.c.h; path = CFArray.h; sourceTree = "<group>"; };
		1EBC8D8D299CD0A80024A156 /* CFPreferences.c */ = {isa = PBXFileReference; fileEncoding = 4; lastKnownFileType = sourcecode.c.c; path = CFPreferences.c; sourceTree = "<group>"; };
		1EBC8D8E299CD0AB0024A156 /* CFLocaleInternal.h */ = {isa = PBXFileReference; fileEncoding = 4; lastKnownFileType = sourcecode.c.h; path = CFLocaleInternal.h; sourceTree = "<group>"; };
		1EBC8D8F299CD0AC0024A156 /* CFURL.c */ = {isa = PBXFileReference; fileEncoding = 4; lastKnownFileType = sourcecode.c.c; path = CFURL.c; sourceTree = "<group>"; };
		1EBC8D90299CD0AC0024A156 /* CFPlatform.c */ = {isa = PBXFileReference; fileEncoding = 4; lastKnownFileType = sourcecode.c.c; path = CFPlatform.c; sourceTree = "<group>"; };
		1EBC8D91299CD0AD0024A156 /* CFMessagePort.c */ = {isa = PBXFileReference; fileEncoding = 4; lastKnownFileType = sourcecode.c.c; path = CFMessagePort.c; sourceTree = "<group>"; };
		1EBC8D92299CD0AD0024A156 /* CFBuiltinConverters.c */ = {isa = PBXFileReference; fileEncoding = 4; lastKnownFileType = sourcecode.c.c; path = CFBuiltinConverters.c; sourceTree = "<group>"; };
		1EBC8D93299CD0AE0024A156 /* CFStream.c */ = {isa = PBXFileReference; fileEncoding = 4; lastKnownFileType = sourcecode.c.c; path = CFStream.c; sourceTree = "<group>"; };
		1EBC8D94299CD0AF0024A156 /* CFPlugIn_Instance.c */ = {isa = PBXFileReference; fileEncoding = 4; lastKnownFileType = sourcecode.c.c; path = CFPlugIn_Instance.c; sourceTree = "<group>"; };
		1EBC8D95299CD0AF0024A156 /* CFPlugIn.h */ = {isa = PBXFileReference; fileEncoding = 4; lastKnownFileType = sourcecode.c.h; path = CFPlugIn.h; sourceTree = "<group>"; };
		1EBC8D96299CD0B00024A156 /* CFStringEncodingExt.h */ = {isa = PBXFileReference; fileEncoding = 4; lastKnownFileType = sourcecode.c.h; path = CFStringEncodingExt.h; sourceTree = "<group>"; };
		1EBC8D97299CD0B10024A156 /* CFNumberFormatter.c */ = {isa = PBXFileReference; fileEncoding = 4; lastKnownFileType = sourcecode.c.c; path = CFNumberFormatter.c; sourceTree = "<group>"; };
		1EBC8D98299CD0B10024A156 /* MakefileVersion */ = {isa = PBXFileReference; fileEncoding = 4; lastKnownFileType = text; path = MakefileVersion; sourceTree = "<group>"; };
		1EBC8D99299CD0B20024A156 /* CFURL.inc.h */ = {isa = PBXFileReference; fileEncoding = 4; lastKnownFileType = sourcecode.c.h; path = CFURL.inc.h; sourceTree = "<group>"; };
		1EBC8D9A299CD0B30024A156 /* CFMachPort.h */ = {isa = PBXFileReference; fileEncoding = 4; lastKnownFileType = sourcecode.c.h; path = CFMachPort.h; sourceTree = "<group>"; };
		1EBC8D9B299CD0B30024A156 /* TargetConditionals.h */ = {isa = PBXFileReference; fileEncoding = 4; lastKnownFileType = sourcecode.c.h; path = TargetConditionals.h; sourceTree = "<group>"; };
		1EBC8D9C299CD0B40024A156 /* CFUtilities.c */ = {isa = PBXFileReference; fileEncoding = 4; lastKnownFileType = sourcecode.c.c; path = CFUtilities.c; sourceTree = "<group>"; };
		1EBC8D9D299CD0B40024A156 /* CFConcreteStreams.c */ = {isa = PBXFileReference; fileEncoding = 4; lastKnownFileType = sourcecode.c.c; path = CFConcreteStreams.c; sourceTree = "<group>"; };
		1EBC8D9E299CD0B50024A156 /* CFBundle_Binary.c */ = {isa = PBXFileReference; fileEncoding = 4; lastKnownFileType = sourcecode.c.c; path = CFBundle_Binary.c; sourceTree = "<group>"; };
		1EBC8D9F299CD0B60024A156 /* Makefile */ = {isa = PBXFileReference; fileEncoding = 4; lastKnownFileType = sourcecode.make; path = Makefile; sourceTree = "<group>"; };
		1EBC8DA0299CD0B60024A156 /* CFSocketStream.c */ = {isa = PBXFileReference; fileEncoding = 4; lastKnownFileType = sourcecode.c.c; path = CFSocketStream.c; sourceTree = "<group>"; };
		1EBC8DA1299CD0B70024A156 /* CFUnicodePrecomposition.h */ = {isa = PBXFileReference; fileEncoding = 4; lastKnownFileType = sourcecode.c.h; path = CFUnicodePrecomposition.h; sourceTree = "<group>"; };
		1EBC8DA2299CD0B80024A156 /* CFStorage.h */ = {isa = PBXFileReference; fileEncoding = 4; lastKnownFileType = sourcecode.c.h; path = CFStorage.h; sourceTree = "<group>"; };
		1EBC8DA3299CD0B80024A156 /* CFUniCharPropertyDatabase.data */ = {isa = PBXFileReference; lastKnownFileType = file; path = CFUniCharPropertyDatabase.data; sourceTree = "<group>"; };
		1EBC8DA4299CD0B90024A156 /* CFPlugIn.c */ = {isa = PBXFileReference; fileEncoding = 4; lastKnownFileType = sourcecode.c.c; path = CFPlugIn.c; sourceTree = "<group>"; };
		1EBC8DA5299CD0B90024A156 /* CFAvailability.h */ = {isa = PBXFileReference; fileEncoding = 4; lastKnownFileType = sourcecode.c.h; path = CFAvailability.h; sourceTree = "<group>"; };
		1EBC8DA6299CD0BA0024A156 /* CFBinaryHeap.c */ = {isa = PBXFileReference; fileEncoding = 4; lastKnownFileType = sourcecode.c.c; path = CFBinaryHeap.c; sourceTree = "<group>"; };
		1EBC8DA7299CD0BB0024A156 /* CFUnicodePrecomposition.c */ = {isa = PBXFileReference; fileEncoding = 4; lastKnownFileType = sourcecode.c.c; path = CFUnicodePrecomposition.c; sourceTree = "<group>"; };
		1EBC8DA8299CD0BB0024A156 /* CFDictionary.h */ = {isa = PBXFileReference; fileEncoding = 4; lastKnownFileType = sourcecode.c.h; path = CFDictionary.h; sourceTree = "<group>"; };
		1EBC8DA9299CD0BC0024A156 /* CFSet.h */ = {isa = PBXFileReference; fileEncoding = 4; lastKnownFileType = sourcecode.c.h; path = CFSet.h; sourceTree = "<group>"; };
		1EBC8DAA299CD0BD0024A156 /* CoreFoundation_Prefix.h */ = {isa = PBXFileReference; fileEncoding = 4; lastKnownFileType = sourcecode.c.h; path = CoreFoundation_Prefix.h; sourceTree = "<group>"; };
		1EBC8DAB299CD0BD0024A156 /* APPLE_LICENSE */ = {isa = PBXFileReference; fileEncoding = 4; lastKnownFileType = text; path = APPLE_LICENSE; sourceTree = "<group>"; };
		1EBC8DAC299CD0BE0024A156 /* CFStringEncodingDatabase.h */ = {isa = PBXFileReference; fileEncoding = 4; lastKnownFileType = sourcecode.c.h; path = CFStringEncodingDatabase.h; sourceTree = "<group>"; };
		1EBC8DAD299CD0BE0024A156 /* CFXMLTree.c */ = {isa = PBXFileReference; fileEncoding = 4; lastKnownFileType = sourcecode.c.c; path = CFXMLTree.c; sourceTree = "<group>"; };
		1EBC8DAE299CD0BF0024A156 /* CFBundle_Resources.c */ = {isa = PBXFileReference; fileEncoding = 4; lastKnownFileType = sourcecode.c.c; path = CFBundle_Resources.c; sourceTree = "<group>"; };
		1EBC8DAF299CD0C00024A156 /* CFTimeZone.c */ = {isa = PBXFileReference; fileEncoding = 4; lastKnownFileType = sourcecode.c.c; path = CFTimeZone.c; sourceTree = "<group>"; };
		1EBC8DB0299CD0C00024A156 /* CFBag.h */ = {isa = PBXFileReference; fileEncoding = 4; lastKnownFileType = sourcecode.c.h; path = CFBag.h; sourceTree = "<group>"; };
		1EBC8DB1299CD0C10024A156 /* CFPlugIn_Factory.c */ = {isa = PBXFileReference; fileEncoding = 4; lastKnownFileType = sourcecode.c.c; path = CFPlugIn_Factory.c; sourceTree = "<group>"; };
		1EBC8DB2299CD0C10024A156 /* CFURLPriv.h */ = {isa = PBXFileReference; fileEncoding = 4; lastKnownFileType = sourcecode.c.h; path = CFURLPriv.h; sourceTree = "<group>"; };
		1EBC8DB3299CD0C20024A156 /* CFOldStylePList.c */ = {isa = PBXFileReference; fileEncoding = 4; lastKnownFileType = sourcecode.c.c; path = CFOldStylePList.c; sourceTree = "<group>"; };
		1EBC8DB4299CD0C30024A156 /* CFXMLInputStream.c */ = {isa = PBXFileReference; fileEncoding = 4; lastKnownFileType = sourcecode.c.c; path = CFXMLInputStream.c; sourceTree = "<group>"; };
		1EBC8DB6299CD0C30024A156 /* plconvert.c */ = {isa = PBXFileReference; fileEncoding = 4; lastKnownFileType = sourcecode.c.c; path = plconvert.c; sourceTree = "<group>"; };
		1EBC8DB7299CD0C40024A156 /* CFICUConverters.c */ = {isa = PBXFileReference; fileEncoding = 4; lastKnownFileType = sourcecode.c.c; path = CFICUConverters.c; sourceTree = "<group>"; };
		1EBC8DB8299CD0C50024A156 /* CFRunLoop.h */ = {isa = PBXFileReference; fileEncoding = 4; lastKnownFileType = sourcecode.c.h; path = CFRunLoop.h; sourceTree = "<group>"; };
		1EBC8DB9299CD0C60024A156 /* CFBurstTrie.h */ = {isa = PBXFileReference; fileEncoding = 4; lastKnownFileType = sourcecode.c.h; path = CFBurstTrie.h; sourceTree = "<group>"; };
		1EBC8DBA299CD0C60024A156 /* CFSystemDirectories.c */ = {isa = PBXFileReference; fileEncoding = 4; lastKnownFileType = sourcecode.c.c; path = CFSystemDirectories.c; sourceTree = "<group>"; };
		1EBC8DBB299CD0C70024A156 /* CFCharacterSet.h */ = {isa = PBXFileReference; fileEncoding = 4; lastKnownFileType = sourcecode.c.h; path = CFCharacterSet.h; sourceTree = "<group>"; };
		1EBC8DBC299CD0C70024A156 /* CFPropertyList.c */ = {isa = PBXFileReference; fileEncoding = 4; lastKnownFileType = sourcecode.c.c; path = CFPropertyList.c; sourceTree = "<group>"; };
		1EBC8DBD299CD0C80024A156 /* CFBurstTrie.c */ = {isa = PBXFileReference; fileEncoding = 4; lastKnownFileType = sourcecode.c.c; path = CFBurstTrie.c; sourceTree = "<group>"; };
		1EBC8DBE299CD0C90024A156 /* CFURL.h */ = {isa = PBXFileReference; fileEncoding = 4; lastKnownFileType = sourcecode.c.h; path = CFURL.h; sourceTree = "<group>"; };
		1EBC8DBF299CD0C90024A156 /* CFBundle.h */ = {isa = PBXFileReference; fileEncoding = 4; lastKnownFileType = sourcecode.c.h; path = CFBundle.h; sourceTree = "<group>"; };
		1EBC8DC0299CD0CA0024A156 /* CFLocale.c */ = {isa = PBXFileReference; fileEncoding = 4; lastKnownFileType = sourcecode.c.c; path = CFLocale.c; sourceTree = "<group>"; };
		1EBC8DC1299CD0CB0024A156 /* CFPlugInCOM.h */ = {isa = PBXFileReference; fileEncoding = 4; lastKnownFileType = sourcecode.c.h; path = CFPlugInCOM.h; sourceTree = "<group>"; };
		1EBC8DC2299CD0CB0024A156 /* CFStringEncodingConverter.h */ = {isa = PBXFileReference; fileEncoding = 4; lastKnownFileType = sourcecode.c.h; path = CFStringEncodingConverter.h; sourceTree = "<group>"; };
		1EBC8DC3299CD0CC0024A156 /* CoreFoundation.h */ = {isa = PBXFileReference; fileEncoding = 4; lastKnownFileType = sourcecode.c.h; path = CoreFoundation.h; sourceTree = "<group>"; };
		1EBC8DC4299CD0CC0024A156 /* CFStringScanner.c */ = {isa = PBXFileReference; fileEncoding = 4; lastKnownFileType = sourcecode.c.c; path = CFStringScanner.c; sourceTree = "<group>"; };
		1EBC8DC5299CD0CD0024A156 /* CFRunLoop.c */ = {isa = PBXFileReference; fileEncoding = 4; lastKnownFileType = sourcecode.c.c; path = CFRunLoop.c; sourceTree = "<group>"; };
		1EBC8DC6299CD0CE0024A156 /* Info.plist */ = {isa = PBXFileReference; fileEncoding = 4; lastKnownFileType = text.plist.xml; path = Info.plist; sourceTree = "<group>"; };
		1EBC8DC7299CD0CF0024A156 /* CFBundle_BinaryTypes.h */ = {isa = PBXFileReference; fileEncoding = 4; lastKnownFileType = sourcecode.c.h; path = CFBundle_BinaryTypes.h; sourceTree = "<group>"; };
		1EBC8DC8299CD0CF0024A156 /* CFPlatformConverters.c */ = {isa = PBXFileReference; fileEncoding = 4; lastKnownFileType = sourcecode.c.c; path = CFPlatformConverters.c; sourceTree = "<group>"; };
		1EBC8DC9299CD0D00024A156 /* CFWindowsUtilities.c */ = {isa = PBXFileReference; fileEncoding = 4; lastKnownFileType = sourcecode.c.c; path = CFWindowsUtilities.c; sourceTree = "<group>"; };
		1EBC8DCA299CD0D00024A156 /* CFUnicodeDecomposition.c */ = {isa = PBXFileReference; fileEncoding = 4; lastKnownFileType = sourcecode.c.c; path = CFUnicodeDecomposition.c; sourceTree = "<group>"; };
		1EBC8DCB299CD0D10024A156 /* CFXMLPreferencesDomain.c */ = {isa = PBXFileReference; fileEncoding = 4; lastKnownFileType = sourcecode.c.c; path = CFXMLPreferencesDomain.c; sourceTree = "<group>"; };
		1EBC8DCC299CD0D20024A156 /* CFBasicHash.h */ = {isa = PBXFileReference; fileEncoding = 4; lastKnownFileType = sourcecode.c.h; path = CFBasicHash.h; sourceTree = "<group>"; };
		1EBC8DCD299CD0D20024A156 /* CFData.h */ = {isa = PBXFileReference; fileEncoding = 4; lastKnownFileType = sourcecode.c.h; path = CFData.h; sourceTree = "<group>"; };
		1EBC8DCE299CD0D30024A156 /* SymbolAliases */ = {isa = PBXFileReference; fileEncoding = 4; lastKnownFileType = text; path = SymbolAliases; sourceTree = "<group>"; };
		1EBC8DCF299CD0D40024A156 /* CFFileUtilities.c */ = {isa = PBXFileReference; fileEncoding = 4; lastKnownFileType = sourcecode.c.c; path = CFFileUtilities.c; sourceTree = "<group>"; };
		1EBC8DD0299CD0D40024A156 /* CFPropertyList.h */ = {isa = PBXFileReference; fileEncoding = 4; lastKnownFileType = sourcecode.c.h; path = CFPropertyList.h; sourceTree = "<group>"; };
		1EBC8DD1299CD0D50024A156 /* CFCharacterSetPriv.h */ = {isa = PBXFileReference; fileEncoding = 4; lastKnownFileType = sourcecode.c.h; path = CFCharacterSetPriv.h; sourceTree = "<group>"; };
		1EBC8DD2299CD0D50024A156 /* CFError.c */ = {isa = PBXFileReference; fileEncoding = 4; lastKnownFileType = sourcecode.c.c; path = CFError.c; sourceTree = "<group>"; };
		1EBC8DD3299CD0D60024A156 /* CFUserNotification.h */ = {isa = PBXFileReference; fileEncoding = 4; lastKnownFileType = sourcecode.c.h; path = CFUserNotification.h; sourceTree = "<group>"; };
		1EBC8DD4299CD0D70024A156 /* CFUUID.c */ = {isa = PBXFileReference; fileEncoding = 4; lastKnownFileType = sourcecode.c.c; path = CFUUID.c; sourceTree = "<group>"; };
		1EBC8DD5299CD0D70024A156 /* CFCharacterSetBitmaps.bitmap */ = {isa = PBXFileReference; lastKnownFileType = file; path = CFCharacterSetBitmaps.bitmap; sourceTree = "<group>"; };
		1EBC8DD6299CD0D80024A156 /* CFLogUtilities.h */ = {isa = PBXFileReference; fileEncoding = 4; lastKnownFileType = sourcecode.c.h; path = CFLogUtilities.h; sourceTree = "<group>"; };
		1EBC8DD7299CD0D90024A156 /* CFByteOrder.h */ = {isa = PBXFileReference; fileEncoding = 4; lastKnownFileType = sourcecode.c.h; path = CFByteOrder.h; sourceTree = "<group>"; };
		1EBC8DD8299CD0D90024A156 /* CFUniChar.c */ = {isa = PBXFileReference; fileEncoding = 4; lastKnownFileType = sourcecode.c.c; path = CFUniChar.c; sourceTree = "<group>"; };
		1EBC8DD9299CD0DA0024A156 /* plconvert.c */ = {isa = PBXFileReference; fileEncoding = 4; lastKnownFileType = sourcecode.c.c; path = plconvert.c; sourceTree = "<group>"; };
		1EBC8DDA299CD0DA0024A156 /* CFString.c */ = {isa = PBXFileReference; fileEncoding = 4; lastKnownFileType = sourcecode.c.c; path = CFString.c; sourceTree = "<group>"; };
		1EBC8DDB299CD0DB0024A156 /* PropertyList.dtd */ = {isa = PBXFileReference; fileEncoding = 4; lastKnownFileType = text.xml; path = PropertyList.dtd; sourceTree = "<group>"; };
		1EBC8DDC299CD0DC0024A156 /* CFStringEncodingDatabase.c */ = {isa = PBXFileReference; fileEncoding = 4; lastKnownFileType = sourcecode.c.c; path = CFStringEncodingDatabase.c; sourceTree = "<group>"; };
		1EBC8DDD299CD0DC0024A156 /* CFBitVector.h */ = {isa = PBXFileReference; fileEncoding = 4; lastKnownFileType = sourcecode.c.h; path = CFBitVector.h; sourceTree = "<group>"; };
		1EBC8DDE299CD0DD0024A156 /* CFStringEncodings.c */ = {isa = PBXFileReference; fileEncoding = 4; lastKnownFileType = sourcecode.c.c; path = CFStringEncodings.c; sourceTree = "<group>"; };
		1EBC8DDF299CD0DE0024A156 /* CFBundle.c */ = {isa = PBXFileReference; fileEncoding = 4; lastKnownFileType = sourcecode.c.c; path = CFBundle.c; sourceTree = "<group>"; };
		1EBC8DE0299CD0DE0024A156 /* CFStringUtilities.c */ = {isa = PBXFileReference; fileEncoding = 4; lastKnownFileType = sourcecode.c.c; path = CFStringUtilities.c; sourceTree = "<group>"; };
		1EBC8DE1299CD0DF0024A156 /* CFXMLParser.h */ = {isa = PBXFileReference; fileEncoding = 4; lastKnownFileType = sourcecode.c.h; path = CFXMLParser.h; sourceTree = "<group>"; };
		1EBC8DE2299CD0E00024A156 /* CFDateFormatter.h */ = {isa = PBXFileReference; fileEncoding = 4; lastKnownFileType = sourcecode.c.h; path = CFDateFormatter.h; sourceTree = "<group>"; };
		1EBC8DE3299CD0E00024A156 /* CFUnicodeDecomposition.h */ = {isa = PBXFileReference; fileEncoding = 4; lastKnownFileType = sourcecode.c.h; path = CFUnicodeDecomposition.h; sourceTree = "<group>"; };
		1EBC8DE4299CD0E10024A156 /* CFBundle_Grok.c */ = {isa = PBXFileReference; fileEncoding = 4; lastKnownFileType = sourcecode.c.c; path = CFBundle_Grok.c; sourceTree = "<group>"; };
		1EBC8DE5299CD0E30024A156 /* CFBinaryHeap.h */ = {isa = PBXFileReference; fileEncoding = 4; lastKnownFileType = sourcecode.c.h; path = CFBinaryHeap.h; sourceTree = "<group>"; };
		1EBC8DE6299CD0E40024A156 /* CFDate.h */ = {isa = PBXFileReference; fileEncoding = 4; lastKnownFileType = sourcecode.c.h; path = CFDate.h; sourceTree = "<group>"; };
		1EBC8DE7299CD0E40024A156 /* CFBag.c */ = {isa = PBXFileReference; fileEncoding = 4; lastKnownFileType = sourcecode.c.c; path = CFBag.c; sourceTree = "<group>"; };
		1EBC8DE8299CD0E50024A156 /* CFCalendar.h */ = {isa = PBXFileReference; fileEncoding = 4; lastKnownFileType = sourcecode.c.h; path = CFCalendar.h; sourceTree = "<group>"; };
		1EBC8DE9299CD0E60024A156 /* CFUnicodeData-B.mapping */ = {isa = PBXFileReference; lastKnownFileType = file; path = "CFUnicodeData-B.mapping"; sourceTree = "<group>"; };
		1EBC8DEA299CD0E80024A156 /* CFNumber.c */ = {isa = PBXFileReference; fileEncoding = 4; lastKnownFileType = sourcecode.c.c; path = CFNumber.c; sourceTree = "<group>"; };
		1EBC8DEB299CD0E90024A156 /* CFStream.h */ = {isa = PBXFileReference; fileEncoding = 4; lastKnownFileType = sourcecode.c.h; path = CFStream.h; sourceTree = "<group>"; };
		1EBC8DEC299CD0EA0024A156 /* CFTimeZone.h */ = {isa = PBXFileReference; fileEncoding = 4; lastKnownFileType = sourcecode.c.h; path = CFTimeZone.h; sourceTree = "<group>"; };
		1EBC8DED299CD0EB0024A156 /* CFString.h */ = {isa = PBXFileReference; fileEncoding = 4; lastKnownFileType = sourcecode.c.h; path = CFString.h; sourceTree = "<group>"; };
		1EBC8DEE299CD0EC0024A156 /* CFXMLNode.h */ = {isa = PBXFileReference; fileEncoding = 4; lastKnownFileType = sourcecode.c.h; path = CFXMLNode.h; sourceTree = "<group>"; };
		1EBC8DEF299CD0ED0024A156 /* CFStringEncodingConverterPriv.h */ = {isa = PBXFileReference; fileEncoding = 4; lastKnownFileType = sourcecode.c.h; path = CFStringEncodingConverterPriv.h; sourceTree = "<group>"; };
		1EBC8DF0299CD0EE0024A156 /* CFXMLNode.c */ = {isa = PBXFileReference; fileEncoding = 4; lastKnownFileType = sourcecode.c.c; path = CFXMLNode.c; sourceTree = "<group>"; };
		1EBC8DF1299CD0F00024A156 /* CFVersion.c */ = {isa = PBXFileReference; fileEncoding = 4; lastKnownFileType = sourcecode.c.c; path = CFVersion.c; sourceTree = "<group>"; };
		1EBC8DF2299CD0F30024A156 /* CFSortFunctions.c */ = {isa = PBXFileReference; fileEncoding = 4; lastKnownFileType = sourcecode.c.c; path = CFSortFunctions.c; sourceTree = "<group>"; };
		1EBC8DF3299CD0F40024A156 /* CFData.c */ = {isa = PBXFileReference; fileEncoding = 4; lastKnownFileType = sourcecode.c.c; path = CFData.c; sourceTree = "<group>"; };
		1EBC8DF4299CD0F50024A156 /* ForFoundationOnly.h */ = {isa = PBXFileReference; fileEncoding = 4; lastKnownFileType = sourcecode.c.h; path = ForFoundationOnly.h; sourceTree = "<group>"; };
		1EBC8DF5299CD0F60024A156 /* MakefileLinux */ = {isa = PBXFileReference; fileEncoding = 4; lastKnownFileType = text; path = MakefileLinux; sourceTree = "<group>"; };
		1EBC8DF6299CD0F70024A156 /* CFTree.h */ = {isa = PBXFileReference; fileEncoding = 4; lastKnownFileType = sourcecode.c.h; path = CFTree.h; sourceTree = "<group>"; };
		1EBC8DF7299CD0F80024A156 /* CFPlugIn_PlugIn.c */ = {isa = PBXFileReference; fileEncoding = 4; lastKnownFileType = sourcecode.c.c; path = CFPlugIn_PlugIn.c; sourceTree = "<group>"; };
		1EBC8DF8299CD0F80024A156 /* CFBase.h */ = {isa = PBXFileReference; fileEncoding = 4; lastKnownFileType = sourcecode.c.h; path = CFBase.h; sourceTree = "<group>"; };
		1EBC8DF9299CD0F90024A156 /* CFPlugIn_Factory.h */ = {isa = PBXFileReference; fileEncoding = 4; lastKnownFileType = sourcecode.c.h; path = CFPlugIn_Factory.h; sourceTree = "<group>"; };
		1EBC8DFA299CD0FA0024A156 /* CFMachPort.c */ = {isa = PBXFileReference; fileEncoding = 4; lastKnownFileType = sourcecode.c.c; path = CFMachPort.c; sourceTree = "<group>"; };
		1EBC8DFB299CD0FB0024A156 /* CFUniChar.h */ = {isa = PBXFileReference; fileEncoding = 4; lastKnownFileType = sourcecode.c.h; path = CFUniChar.h; sourceTree = "<group>"; };
		1EBC8DFC299CD0FC0024A156 /* CFUUID.h */ = {isa = PBXFileReference; fileEncoding = 4; lastKnownFileType = sourcecode.c.h; path = CFUUID.h; sourceTree = "<group>"; };
		1EBC8DFD299CD0FD0024A156 /* CFBundle_Locale.c */ = {isa = PBXFileReference; fileEncoding = 4; lastKnownFileType = sourcecode.c.c; path = CFBundle_Locale.c; sourceTree = "<group>"; };
		1EBC8DFE299CD0FE0024A156 /* CFUniCharPriv.h */ = {isa = PBXFileReference; fileEncoding = 4; lastKnownFileType = sourcecode.c.h; path = CFUniCharPriv.h; sourceTree = "<group>"; };
		1EBC8DFF299CD0FF0024A156 /* CFUtilities.h */ = {isa = PBXFileReference; fileEncoding = 4; lastKnownFileType = sourcecode.c.h; path = CFUtilities.h; sourceTree = "<group>"; };
		1EBC8E00299CD0FF0024A156 /* CFApplicationPreferences.c */ = {isa = PBXFileReference; fileEncoding = 4; lastKnownFileType = sourcecode.c.c; path = CFApplicationPreferences.c; sourceTree = "<group>"; };
		1EBC8E01299CD1000024A156 /* CFStringDefaultEncoding.h */ = {isa = PBXFileReference; fileEncoding = 4; lastKnownFileType = sourcecode.c.h; path = CFStringDefaultEncoding.h; sourceTree = "<group>"; };
		1EBC8E02299CD1010024A156 /* CFStringEncodingConverter.c */ = {isa = PBXFileReference; fileEncoding = 4; lastKnownFileType = sourcecode.c.c; path = CFStringEncodingConverter.c; sourceTree = "<group>"; };
		1EBC8E03299CD1020024A156 /* CFXMLInputStream.h */ = {isa = PBXFileReference; fileEncoding = 4; lastKnownFileType = sourcecode.c.h; path = CFXMLInputStream.h; sourceTree = "<group>"; };
		1EBC8E04299CD1020024A156 /* README_CFLITE */ = {isa = PBXFileReference; fileEncoding = 4; lastKnownFileType = text; path = README_CFLITE; sourceTree = "<group>"; };
		1EBC8E05299CD1020024A156 /* CFNumberFormatter.h */ = {isa = PBXFileReference; fileEncoding = 4; lastKnownFileType = sourcecode.c.h; path = CFNumberFormatter.h; sourceTree = "<group>"; };
		1EBC8E06299CD1020024A156 /* CFSocket.c */ = {isa = PBXFileReference; fileEncoding = 4; lastKnownFileType = sourcecode.c.c; path = CFSocket.c; sourceTree = "<group>"; };
		1EBC8E07299CD1020024A156 /* CFUnicodeData-L.mapping */ = {isa = PBXFileReference; lastKnownFileType = file; path = "CFUnicodeData-L.mapping"; sourceTree = "<group>"; };
		1EBC8E08299CD1030024A156 /* CFArray.c */ = {isa = PBXFileReference; fileEncoding = 4; lastKnownFileType = sourcecode.c.c; path = CFArray.c; sourceTree = "<group>"; };
		1EBC8E09299CD1030024A156 /* CFURLAccess.h */ = {isa = PBXFileReference; fileEncoding = 4; lastKnownFileType = sourcecode.c.h; path = CFURLAccess.h; sourceTree = "<group>"; };
		1EBC8E0A299CD1030024A156 /* CFBigNumber.h */ = {isa = PBXFileReference; fileEncoding = 4; lastKnownFileType = sourcecode.c.h; path = CFBigNumber.h; sourceTree = "<group>"; };
		1EBC8E0B299CD1050024A156 /* CFLocale.h */ = {isa = PBXFileReference; fileEncoding = 4; lastKnownFileType = sourcecode.c.h; path = CFLocale.h; sourceTree = "<group>"; };
		1EBC8E0C299CD1050024A156 /* CFICUConverters.h */ = {isa = PBXFileReference; fileEncoding = 4; lastKnownFileType = sourcecode.c.h; path = CFICUConverters.h; sourceTree = "<group>"; };
		1EBC8E0D299CD1060024A156 /* CFStringEncodingConverterExt.h */ = {isa = PBXFileReference; fileEncoding = 4; lastKnownFileType = sourcecode.c.h; path = CFStringEncodingConverterExt.h; sourceTree = "<group>"; };
		1EBC8E0E299CD1070024A156 /* CFBundle_Internal.h */ = {isa = PBXFileReference; fileEncoding = 4; lastKnownFileType = sourcecode.c.h; path = CFBundle_Internal.h; sourceTree = "<group>"; };
		1EBC8E0F299CD1070024A156 /* CFBigNumber.c */ = {isa = PBXFileReference; fileEncoding = 4; lastKnownFileType = sourcecode.c.c; path = CFBigNumber.c; sourceTree = "<group>"; };
		1EBC8E10299CD1070024A156 /* CFBinaryPList.c */ = {isa = PBXFileReference; fileEncoding = 4; lastKnownFileType = sourcecode.c.c; path = CFBinaryPList.c; sourceTree = "<group>"; };
		1EBC8E11299CD1070024A156 /* CFRuntime.c */ = {isa = PBXFileReference; fileEncoding = 4; lastKnownFileType = sourcecode.c.c; path = CFRuntime.c; sourceTree = "<group>"; };
		1EBC8E12299CD1070024A156 /* CFXMLParser.c */ = {isa = PBXFileReference; fileEncoding = 4; lastKnownFileType = sourcecode.c.c; path = CFXMLParser.c; sourceTree = "<group>"; };
		1EBC8E13299CD1080024A156 /* CFBundle_Strings.c */ = {isa = PBXFileReference; fileEncoding = 4; lastKnownFileType = sourcecode.c.c; path = CFBundle_Strings.c; sourceTree = "<group>"; };
		1EBC8E14299CD1080024A156 /* CFDate.c */ = {isa = PBXFileReference; fileEncoding = 4; lastKnownFileType = sourcecode.c.c; path = CFDate.c; sourceTree = "<group>"; };
		1EBC8E15299CD1080024A156 /* CFRuntime.h */ = {isa = PBXFileReference; fileEncoding = 4; lastKnownFileType = sourcecode.c.h; path = CFRuntime.h; sourceTree = "<group>"; };
		1EBC8E16299CD1080024A156 /* CFBundlePriv.h */ = {isa = PBXFileReference; fileEncoding = 4; lastKnownFileType = sourcecode.c.h; path = CFBundlePriv.h; sourceTree = "<group>"; };
		1EBC8E17299CD1090024A156 /* CFCharacterSet.c */ = {isa = PBXFileReference; fileEncoding = 4; lastKnownFileType = sourcecode.c.c; path = CFCharacterSet.c; sourceTree = "<group>"; };
		1EBC8E18299CD1090024A156 /* CFStorage.c */ = {isa = PBXFileReference; fileEncoding = 4; lastKnownFileType = sourcecode.c.c; path = CFStorage.c; sourceTree = "<group>"; };
		1EBC8E19299CD1090024A156 /* CFInternal.h */ = {isa = PBXFileReference; fileEncoding = 4; lastKnownFileType = sourcecode.c.h; path = CFInternal.h; sourceTree = "<group>"; };
		1EBC8E1A299CD1090024A156 /* CFPreferences.h */ = {isa = PBXFileReference; fileEncoding = 4; lastKnownFileType = sourcecode.c.h; path = CFPreferences.h; sourceTree = "<group>"; };
		1EBC8E1B299CD1090024A156 /* CFURLAccess.c */ = {isa = PBXFileReference; fileEncoding = 4; lastKnownFileType = sourcecode.c.c; path = CFURLAccess.c; sourceTree = "<group>"; };
/* End PBXFileReference section */

/* Begin PBXFrameworksBuildPhase section */
		1EBC8D39299CD0480024A156 /* Frameworks */ = {
			isa = PBXFrameworksBuildPhase;
			buildActionMask = 2147483647;
			files = (
			);
			runOnlyForDeploymentPostprocessing = 0;
		};
		1EBC8D54299CD04D0024A156 /* Frameworks */ = {
			isa = PBXFrameworksBuildPhase;
			buildActionMask = 2147483647;
			files = (
			);
			runOnlyForDeploymentPostprocessing = 0;
		};
		1EBC8D5E299CD04D0024A156 /* Frameworks */ = {
			isa = PBXFrameworksBuildPhase;
			buildActionMask = 2147483647;
			files = (
			);
			runOnlyForDeploymentPostprocessing = 0;
		};
/* End PBXFrameworksBuildPhase section */

/* Begin PBXGroup section */
		1EBC8D33299CD0470024A156 = {
			isa = PBXGroup;
			children = (
				1EBC8D3E299CD0480024A156 /* 002-RunLoop源码了解 */,
				1EBC8D5A299CD04D0024A156 /* 002-RunLoop源码了解Tests */,
				1EBC8D64299CD04D0024A156 /* 002-RunLoop源码了解UITests */,
				1EBC8D3D299CD0480024A156 /* Products */,
			);
			sourceTree = "<group>";
		};
		1EBC8D3D299CD0480024A156 /* Products */ = {
			isa = PBXGroup;
			children = (
				1EBC8D3C299CD0480024A156 /* 002-RunLoop源码了解.app */,
				1EBC8D57299CD04D0024A156 /* 002-RunLoop源码了解Tests.xctest */,
				1EBC8D61299CD04D0024A156 /* 002-RunLoop源码了解UITests.xctest */,
			);
			name = Products;
			sourceTree = "<group>";
		};
		1EBC8D3E299CD0480024A156 /* 002-RunLoop源码了解 */ = {
			isa = PBXGroup;
			children = (
				1EBC8D74299CD0760024A156 /* CoreFoundation */,
				1EBC8D3F299CD0480024A156 /* AppDelegate.h */,
				1EBC8D40299CD0480024A156 /* AppDelegate.m */,
				1EBC8D42299CD0480024A156 /* SceneDelegate.h */,
				1EBC8D43299CD0480024A156 /* SceneDelegate.m */,
				1EBC8D45299CD0480024A156 /* ViewController.h */,
				1EBC8D46299CD0480024A156 /* ViewController.m */,
				1EBC8D48299CD0480024A156 /* Main.storyboard */,
				1EBC8D4B299CD04C0024A156 /* Assets.xcassets */,
				1EBC8D4D299CD04C0024A156 /* LaunchScreen.storyboard */,
				1EBC8D50299CD04C0024A156 /* Info.plist */,
				1EBC8D51299CD04C0024A156 /* main.m */,
			);
			path = "002-RunLoop源码了解";
			sourceTree = "<group>";
		};
		1EBC8D5A299CD04D0024A156 /* 002-RunLoop源码了解Tests */ = {
			isa = PBXGroup;
			children = (
				1EBC8D5B299CD04D0024A156 /* _02_RunLoop____Tests.m */,
			);
			path = "002-RunLoop源码了解Tests";
			sourceTree = "<group>";
		};
		1EBC8D64299CD04D0024A156 /* 002-RunLoop源码了解UITests */ = {
			isa = PBXGroup;
			children = (
				1EBC8D65299CD04D0024A156 /* _02_RunLoop____UITests.m */,
				1EBC8D67299CD04D0024A156 /* _02_RunLoop____UITestsLaunchTests.m */,
			);
			path = "002-RunLoop源码了解UITests";
			sourceTree = "<group>";
		};
		1EBC8D74299CD0760024A156 /* CoreFoundation */ = {
			isa = PBXGroup;
			children = (
				1EBC8E7B299CD2490024A156 /* 未整理 */,
				1EBC8E79299CD16F0024A156 /* Base */,
				1EBC8E78299CD1490024A156 /* Core */,
				1EBC8DB5299CD0C30024A156 /* Examples */,
				1EBC8E7A299CD1790024A156 /* Plugin */,
				1EBC8E77299CD1410024A156 /* RunLoop */,
				1EBC8DCE299CD0D30024A156 /* SymbolAliases */,
				1EBC8D9B299CD0B30024A156 /* TargetConditionals.h */,
			);
			path = CoreFoundation;
			sourceTree = "<group>";
		};
		1EBC8DB5299CD0C30024A156 /* Examples */ = {
			isa = PBXGroup;
			children = (
				1EBC8DB6299CD0C30024A156 /* plconvert.c */,
			);
			path = Examples;
			sourceTree = "<group>";
		};
		1EBC8E77299CD1410024A156 /* RunLoop */ = {
			isa = PBXGroup;
			children = (
				1EBC8DFA299CD0FA0024A156 /* CFMachPort.c */,
				1EBC8D9A299CD0B30024A156 /* CFMachPort.h */,
				1EBC8D91299CD0AD0024A156 /* CFMessagePort.c */,
				1EBC8D83299CD09F0024A156 /* CFMessagePort.h */,
				1EBC8DC5299CD0CD0024A156 /* CFRunLoop.c */,
				1EBC8DB8299CD0C50024A156 /* CFRunLoop.h */,
				1EBC8E06299CD1020024A156 /* CFSocket.c */,
				1EBC8D89299CD0A40024A156 /* CFSocket.h */,
			);
			path = RunLoop;
			sourceTree = "<group>";
		};
		1EBC8E78299CD1490024A156 /* Core */ = {
			isa = PBXGroup;
			children = (
			);
			path = Core;
			sourceTree = "<group>";
		};
		1EBC8E79299CD16F0024A156 /* Base */ = {
			isa = PBXGroup;
			children = (
			);
			path = Base;
			sourceTree = "<group>";
		};
		1EBC8E7A299CD1790024A156 /* Plugin */ = {
			isa = PBXGroup;
			children = (
			);
			path = Plugin;
			sourceTree = "<group>";
		};
		1EBC8E7B299CD2490024A156 /* 未整理 */ = {
			isa = PBXGroup;
			children = (
				1EBC8DAB299CD0BD0024A156 /* APPLE_LICENSE */,
				1EBC8DAA299CD0BD0024A156 /* CoreFoundation_Prefix.h */,
				1EBC8DC3299CD0CC0024A156 /* CoreFoundation.h */,
				1EBC8DF4299CD0F50024A156 /* ForFoundationOnly.h */,
				1EBC8DC6299CD0CE0024A156 /* Info.plist */,
				1EBC8D9F299CD0B60024A156 /* Makefile */,
				1EBC8DF5299CD0F60024A156 /* MakefileLinux */,
				1EBC8D98299CD0B10024A156 /* MakefileVersion */,
				1EBC8DD9299CD0DA0024A156 /* plconvert.c */,
				1EBC8DDB299CD0DB0024A156 /* PropertyList.dtd */,
				1EBC8E04299CD1020024A156 /* README_CFLITE */,
				1EBC8E00299CD0FF0024A156 /* CFApplicationPreferences.c */,
				1EBC8E08299CD1030024A156 /* CFArray.c */,
				1EBC8D8C299CD0A80024A156 /* CFArray.h */,
				1EBC8DA5299CD0B90024A156 /* CFAvailability.h */,
				1EBC8DE7299CD0E40024A156 /* CFBag.c */,
				1EBC8DB0299CD0C00024A156 /* CFBag.h */,
				1EBC8D7B299CD0980024A156 /* CFBase.c */,
				1EBC8DF8299CD0F80024A156 /* CFBase.h */,
				1EBC8D7D299CD09B0024A156 /* CFBasicHash.c */,
				1EBC8DCC299CD0D20024A156 /* CFBasicHash.h */,
				1EBC8D86299CD0A10024A156 /* CFBasicHashFindBucket.m */,
				1EBC8E0F299CD1070024A156 /* CFBigNumber.c */,
				1EBC8E0A299CD1030024A156 /* CFBigNumber.h */,
				1EBC8DA6299CD0BA0024A156 /* CFBinaryHeap.c */,
				1EBC8DE5299CD0E30024A156 /* CFBinaryHeap.h */,
				1EBC8E10299CD1070024A156 /* CFBinaryPList.c */,
				1EBC8D78299CD0940024A156 /* CFBitVector.c */,
				1EBC8DDD299CD0DC0024A156 /* CFBitVector.h */,
				1EBC8D92299CD0AD0024A156 /* CFBuiltinConverters.c */,
				1EBC8D9E299CD0B50024A156 /* CFBundle_Binary.c */,
				1EBC8DC7299CD0CF0024A156 /* CFBundle_BinaryTypes.h */,
				1EBC8DE4299CD0E10024A156 /* CFBundle_Grok.c */,
				1EBC8D79299CD0950024A156 /* CFBundle_InfoPlist.c */,
				1EBC8E0E299CD1070024A156 /* CFBundle_Internal.h */,
				1EBC8DFD299CD0FD0024A156 /* CFBundle_Locale.c */,
				1EBC8DAE299CD0BF0024A156 /* CFBundle_Resources.c */,
				1EBC8E13299CD1080024A156 /* CFBundle_Strings.c */,
				1EBC8DDF299CD0DE0024A156 /* CFBundle.c */,
				1EBC8DBF299CD0C90024A156 /* CFBundle.h */,
				1EBC8E16299CD1080024A156 /* CFBundlePriv.h */,
				1EBC8DBD299CD0C80024A156 /* CFBurstTrie.c */,
				1EBC8DB9299CD0C60024A156 /* CFBurstTrie.h */,
				1EBC8DD7299CD0D90024A156 /* CFByteOrder.h */,
				1EBC8D85299CD0A10024A156 /* CFCalendar.c */,
				1EBC8DE8299CD0E50024A156 /* CFCalendar.h */,
				1EBC8E17299CD1090024A156 /* CFCharacterSet.c */,
				1EBC8DBB299CD0C70024A156 /* CFCharacterSet.h */,
				1EBC8DD5299CD0D70024A156 /* CFCharacterSetBitmaps.bitmap */,
				1EBC8DD1299CD0D50024A156 /* CFCharacterSetPriv.h */,
				1EBC8D9D299CD0B40024A156 /* CFConcreteStreams.c */,
				1EBC8DF3299CD0F40024A156 /* CFData.c */,
				1EBC8DCD299CD0D20024A156 /* CFData.h */,
				1EBC8E14299CD1080024A156 /* CFDate.c */,
				1EBC8DE6299CD0E40024A156 /* CFDate.h */,
				1EBC8D82299CD09F0024A156 /* CFDateFormatter.c */,
				1EBC8DE2299CD0E00024A156 /* CFDateFormatter.h */,
				1EBC8D77299CD0940024A156 /* CFDictionary.c */,
				1EBC8DA8299CD0BB0024A156 /* CFDictionary.h */,
				1EBC8D76299CD0920024A156 /* CFError_Private.h */,
				1EBC8DD2299CD0D50024A156 /* CFError.c */,
				1EBC8D7C299CD09A0024A156 /* CFError.h */,
				1EBC8DCF299CD0D40024A156 /* CFFileUtilities.c */,
				1EBC8DB7299CD0C40024A156 /* CFICUConverters.c */,
				1EBC8E0C299CD1050024A156 /* CFICUConverters.h */,
				1EBC8D8A299CD0A50024A156 /* CFICULogging.h */,
				1EBC8E19299CD1090024A156 /* CFInternal.h */,
				1EBC8DC0299CD0CA0024A156 /* CFLocale.c */,
				1EBC8E0B299CD1050024A156 /* CFLocale.h */,
				1EBC8D7E299CD09C0024A156 /* CFLocaleIdentifier.c */,
				1EBC8D8E299CD0AB0024A156 /* CFLocaleInternal.h */,
				1EBC8D7F299CD09D0024A156 /* CFLocaleKeys.c */,
				1EBC8DD6299CD0D80024A156 /* CFLogUtilities.h */,
				1EBC8DEA299CD0E80024A156 /* CFNumber.c */,
				1EBC8D80299CD09D0024A156 /* CFNumber.h */,
				1EBC8D97299CD0B10024A156 /* CFNumberFormatter.c */,
				1EBC8E05299CD1020024A156 /* CFNumberFormatter.h */,
				1EBC8DB3299CD0C20024A156 /* CFOldStylePList.c */,
				1EBC8D90299CD0AC0024A156 /* CFPlatform.c */,
				1EBC8DC8299CD0CF0024A156 /* CFPlatformConverters.c */,
				1EBC8DB1299CD0C10024A156 /* CFPlugIn_Factory.c */,
				1EBC8DF9299CD0F90024A156 /* CFPlugIn_Factory.h */,
				1EBC8D94299CD0AF0024A156 /* CFPlugIn_Instance.c */,
				1EBC8DF7299CD0F80024A156 /* CFPlugIn_PlugIn.c */,
				1EBC8DA4299CD0B90024A156 /* CFPlugIn.c */,
				1EBC8D95299CD0AF0024A156 /* CFPlugIn.h */,
				1EBC8DC1299CD0CB0024A156 /* CFPlugInCOM.h */,
				1EBC8D8D299CD0A80024A156 /* CFPreferences.c */,
				1EBC8E1A299CD1090024A156 /* CFPreferences.h */,
				1EBC8D84299CD0A00024A156 /* CFPriv.h */,
				1EBC8DBC299CD0C70024A156 /* CFPropertyList.c */,
				1EBC8DD0299CD0D40024A156 /* CFPropertyList.h */,
				1EBC8E11299CD1070024A156 /* CFRuntime.c */,
				1EBC8E15299CD1080024A156 /* CFRuntime.h */,
				1EBC8D75299CD0910024A156 /* CFSet.c */,
				1EBC8DA9299CD0BC0024A156 /* CFSet.h */,
				1EBC8DA0299CD0B60024A156 /* CFSocketStream.c */,
				1EBC8DF2299CD0F30024A156 /* CFSortFunctions.c */,
				1EBC8E18299CD1090024A156 /* CFStorage.c */,
				1EBC8DA2299CD0B80024A156 /* CFStorage.h */,
				1EBC8D93299CD0AE0024A156 /* CFStream.c */,
				1EBC8DEB299CD0E90024A156 /* CFStream.h */,
				1EBC8D87299CD0A30024A156 /* CFStreamAbstract.h */,
				1EBC8D8B299CD0A60024A156 /* CFStreamInternal.h */,
				1EBC8D81299CD09E0024A156 /* CFStreamPriv.h */,
				1EBC8DDA299CD0DA0024A156 /* CFString.c */,
				1EBC8DED299CD0EB0024A156 /* CFString.h */,
				1EBC8E01299CD1000024A156 /* CFStringDefaultEncoding.h */,
				1EBC8E02299CD1010024A156 /* CFStringEncodingConverter.c */,
				1EBC8DC2299CD0CB0024A156 /* CFStringEncodingConverter.h */,
				1EBC8E0D299CD1060024A156 /* CFStringEncodingConverterExt.h */,
				1EBC8DEF299CD0ED0024A156 /* CFStringEncodingConverterPriv.h */,
				1EBC8DDC299CD0DC0024A156 /* CFStringEncodingDatabase.c */,
				1EBC8DAC299CD0BE0024A156 /* CFStringEncodingDatabase.h */,
				1EBC8D96299CD0B00024A156 /* CFStringEncodingExt.h */,
				1EBC8DDE299CD0DD0024A156 /* CFStringEncodings.c */,
				1EBC8DC4299CD0CC0024A156 /* CFStringScanner.c */,
				1EBC8DE0299CD0DE0024A156 /* CFStringUtilities.c */,
				1EBC8DBA299CD0C60024A156 /* CFSystemDirectories.c */,
				1EBC8DAF299CD0C00024A156 /* CFTimeZone.c */,
				1EBC8DEC299CD0EA0024A156 /* CFTimeZone.h */,
				1EBC8D88299CD0A30024A156 /* CFTree.c */,
				1EBC8DF6299CD0F70024A156 /* CFTree.h */,
				1EBC8DD8299CD0D90024A156 /* CFUniChar.c */,
				1EBC8DFB299CD0FB0024A156 /* CFUniChar.h */,
				1EBC8DFE299CD0FE0024A156 /* CFUniCharPriv.h */,
				1EBC8DA3299CD0B80024A156 /* CFUniCharPropertyDatabase.data */,
				1EBC8DE9299CD0E60024A156 /* CFUnicodeData-B.mapping */,
				1EBC8E07299CD1020024A156 /* CFUnicodeData-L.mapping */,
				1EBC8DCA299CD0D00024A156 /* CFUnicodeDecomposition.c */,
				1EBC8DE3299CD0E00024A156 /* CFUnicodeDecomposition.h */,
				1EBC8DA7299CD0BB0024A156 /* CFUnicodePrecomposition.c */,
				1EBC8DA1299CD0B70024A156 /* CFUnicodePrecomposition.h */,
				1EBC8D8F299CD0AC0024A156 /* CFURL.c */,
				1EBC8DBE299CD0C90024A156 /* CFURL.h */,
				1EBC8D99299CD0B20024A156 /* CFURL.inc.h */,
				1EBC8E1B299CD1090024A156 /* CFURLAccess.c */,
				1EBC8E09299CD1030024A156 /* CFURLAccess.h */,
				1EBC8DB2299CD0C10024A156 /* CFURLPriv.h */,
				1EBC8D7A299CD0960024A156 /* CFUserNotification.c */,
				1EBC8DD3299CD0D60024A156 /* CFUserNotification.h */,
				1EBC8D9C299CD0B40024A156 /* CFUtilities.c */,
				1EBC8DFF299CD0FF0024A156 /* CFUtilities.h */,
				1EBC8DD4299CD0D70024A156 /* CFUUID.c */,
				1EBC8DFC299CD0FC0024A156 /* CFUUID.h */,
				1EBC8DF1299CD0F00024A156 /* CFVersion.c */,
				1EBC8DC9299CD0D00024A156 /* CFWindowsUtilities.c */,
				1EBC8DB4299CD0C30024A156 /* CFXMLInputStream.c */,
				1EBC8E03299CD1020024A156 /* CFXMLInputStream.h */,
				1EBC8DF0299CD0EE0024A156 /* CFXMLNode.c */,
				1EBC8DEE299CD0EC0024A156 /* CFXMLNode.h */,
				1EBC8E12299CD1070024A156 /* CFXMLParser.c */,
				1EBC8DE1299CD0DF0024A156 /* CFXMLParser.h */,
				1EBC8DCB299CD0D10024A156 /* CFXMLPreferencesDomain.c */,
				1EBC8DAD299CD0BE0024A156 /* CFXMLTree.c */,
			);
			path = "未整理";
			sourceTree = "<group>";
		};
/* End PBXGroup section */

/* Begin PBXNativeTarget section */
		1EBC8D3B299CD0480024A156 /* 002-RunLoop源码了解 */ = {
			isa = PBXNativeTarget;
			buildConfigurationList = 1EBC8D6B299CD04D0024A156 /* Build configuration list for PBXNativeTarget "002-RunLoop源码了解" */;
			buildPhases = (
				1EBC8D38299CD0480024A156 /* Sources */,
				1EBC8D39299CD0480024A156 /* Frameworks */,
				1EBC8D3A299CD0480024A156 /* Resources */,
			);
			buildRules = (
			);
			dependencies = (
			);
			name = "002-RunLoop源码了解";
			productName = "002-RunLoop源码了解";
			productReference = 1EBC8D3C299CD0480024A156 /* 002-RunLoop源码了解.app */;
			productType = "com.apple.product-type.application";
		};
		1EBC8D56299CD04D0024A156 /* 002-RunLoop源码了解Tests */ = {
			isa = PBXNativeTarget;
			buildConfigurationList = 1EBC8D6E299CD04D0024A156 /* Build configuration list for PBXNativeTarget "002-RunLoop源码了解Tests" */;
			buildPhases = (
				1EBC8D53299CD04D0024A156 /* Sources */,
				1EBC8D54299CD04D0024A156 /* Frameworks */,
				1EBC8D55299CD04D0024A156 /* Resources */,
			);
			buildRules = (
			);
			dependencies = (
				1EBC8D59299CD04D0024A156 /* PBXTargetDependency */,
			);
			name = "002-RunLoop源码了解Tests";
			productName = "002-RunLoop源码了解Tests";
			productReference = 1EBC8D57299CD04D0024A156 /* 002-RunLoop源码了解Tests.xctest */;
			productType = "com.apple.product-type.bundle.unit-test";
		};
		1EBC8D60299CD04D0024A156 /* 002-RunLoop源码了解UITests */ = {
			isa = PBXNativeTarget;
			buildConfigurationList = 1EBC8D71299CD04D0024A156 /* Build configuration list for PBXNativeTarget "002-RunLoop源码了解UITests" */;
			buildPhases = (
				1EBC8D5D299CD04D0024A156 /* Sources */,
				1EBC8D5E299CD04D0024A156 /* Frameworks */,
				1EBC8D5F299CD04D0024A156 /* Resources */,
			);
			buildRules = (
			);
			dependencies = (
				1EBC8D63299CD04D0024A156 /* PBXTargetDependency */,
			);
			name = "002-RunLoop源码了解UITests";
			productName = "002-RunLoop源码了解UITests";
			productReference = 1EBC8D61299CD04D0024A156 /* 002-RunLoop源码了解UITests.xctest */;
			productType = "com.apple.product-type.bundle.ui-testing";
		};
/* End PBXNativeTarget section */

/* Begin PBXProject section */
		1EBC8D34299CD0470024A156 /* Project object */ = {
			isa = PBXProject;
			attributes = {
				BuildIndependentTargetsInParallel = 1;
				LastUpgradeCheck = 1420;
				TargetAttributes = {
					1EBC8D3B299CD0480024A156 = {
						CreatedOnToolsVersion = 14.2;
					};
					1EBC8D56299CD04D0024A156 = {
						CreatedOnToolsVersion = 14.2;
						TestTargetID = 1EBC8D3B299CD0480024A156;
					};
					1EBC8D60299CD04D0024A156 = {
						CreatedOnToolsVersion = 14.2;
						TestTargetID = 1EBC8D3B299CD0480024A156;
					};
				};
			};
			buildConfigurationList = 1EBC8D37299CD0470024A156 /* Build configuration list for PBXProject "002-RunLoop源码了解" */;
			compatibilityVersion = "Xcode 14.0";
			developmentRegion = en;
			hasScannedForEncodings = 0;
			knownRegions = (
				en,
				Base,
			);
			mainGroup = 1EBC8D33299CD0470024A156;
			productRefGroup = 1EBC8D3D299CD0480024A156 /* Products */;
			projectDirPath = "";
			projectRoot = "";
			targets = (
				1EBC8D3B299CD0480024A156 /* 002-RunLoop源码了解 */,
				1EBC8D56299CD04D0024A156 /* 002-RunLoop源码了解Tests */,
				1EBC8D60299CD04D0024A156 /* 002-RunLoop源码了解UITests */,
			);
		};
/* End PBXProject section */

/* Begin PBXResourcesBuildPhase section */
		1EBC8D3A299CD0480024A156 /* Resources */ = {
			isa = PBXResourcesBuildPhase;
			buildActionMask = 2147483647;
			files = (
				1EBC8D4F299CD04C0024A156 /* LaunchScreen.storyboard in Resources */,
				1EBC8E3B299CD10A0024A156 /* APPLE_LICENSE in Resources */,
				1EBC8D4C299CD04C0024A156 /* Assets.xcassets in Resources */,
				1EBC8E37299CD10A0024A156 /* CFUniCharPropertyDatabase.data in Resources */,
				1EBC8D4A299CD0480024A156 /* Main.storyboard in Resources */,
				1EBC8E4F299CD10A0024A156 /* SymbolAliases in Resources */,
				1EBC8E31299CD10A0024A156 /* MakefileVersion in Resources */,
				1EBC8E5E299CD10B0024A156 /* CFUnicodeData-B.mapping in Resources */,
				1EBC8E57299CD10A0024A156 /* PropertyList.dtd in Resources */,
				1EBC8E6A299CD10B0024A156 /* README_CFLITE in Resources */,
				1EBC8E53299CD10A0024A156 /* CFCharacterSetBitmaps.bitmap in Resources */,
				1EBC8E4A299CD10A0024A156 /* Info.plist in Resources */,
				1EBC8E6C299CD10B0024A156 /* CFUnicodeData-L.mapping in Resources */,
				1EBC8E64299CD10B0024A156 /* MakefileLinux in Resources */,
			);
			runOnlyForDeploymentPostprocessing = 0;
		};
		1EBC8D55299CD04D0024A156 /* Resources */ = {
			isa = PBXResourcesBuildPhase;
			buildActionMask = 2147483647;
			files = (
			);
			runOnlyForDeploymentPostprocessing = 0;
		};
		1EBC8D5F299CD04D0024A156 /* Resources */ = {
			isa = PBXResourcesBuildPhase;
			buildActionMask = 2147483647;
			files = (
			);
			runOnlyForDeploymentPostprocessing = 0;
		};
/* End PBXResourcesBuildPhase section */

/* Begin PBXSourcesBuildPhase section */
		1EBC8D38299CD0480024A156 /* Sources */ = {
			isa = PBXSourcesBuildPhase;
			buildActionMask = 2147483647;
			files = (
				1EBC8E4D299CD10A0024A156 /* CFUnicodeDecomposition.c in Sources */,
				1EBC8E33299CD10A0024A156 /* CFConcreteStreams.c in Sources */,
				1EBC8E5A299CD10B0024A156 /* CFBundle.c in Sources */,
				1EBC8E49299CD10A0024A156 /* CFRunLoop.c in Sources */,
				1EBC8E36299CD10A0024A156 /* CFSocketStream.c in Sources */,
				1EBC8E2F299CD10A0024A156 /* CFPlugIn_Instance.c in Sources */,
				1EBC8E60299CD10B0024A156 /* CFXMLNode.c in Sources */,
				1EBC8E46299CD10A0024A156 /* CFBurstTrie.c in Sources */,
				1EBC8E32299CD10A0024A156 /* CFUtilities.c in Sources */,
				1EBC8E71299CD10B0024A156 /* CFXMLParser.c in Sources */,
				1EBC8E3D299CD10A0024A156 /* CFBundle_Resources.c in Sources */,
				1EBC8E59299CD10B0024A156 /* CFStringEncodings.c in Sources */,
				1EBC8E27299CD10A0024A156 /* CFBasicHashFindBucket.m in Sources */,
				1EBC8E54299CD10A0024A156 /* CFUniChar.c in Sources */,
				1EBC8E29299CD10A0024A156 /* CFPreferences.c in Sources */,
				1EBC8E5F299CD10B0024A156 /* CFNumber.c in Sources */,
				1EBC8E20299CD10A0024A156 /* CFUserNotification.c in Sources */,
				1EBC8E2B299CD10A0024A156 /* CFPlatform.c in Sources */,
				1EBC8E48299CD10A0024A156 /* CFStringScanner.c in Sources */,
				1EBC8E26299CD10A0024A156 /* CFCalendar.c in Sources */,
				1EBC8E76299CD10B0024A156 /* CFURLAccess.c in Sources */,
				1EBC8D47299CD0480024A156 /* ViewController.m in Sources */,
				1EBC8E63299CD10B0024A156 /* CFData.c in Sources */,
				1EBC8E30299CD10A0024A156 /* CFNumberFormatter.c in Sources */,
				1EBC8E3A299CD10A0024A156 /* CFUnicodePrecomposition.c in Sources */,
				1EBC8E52299CD10A0024A156 /* CFUUID.c in Sources */,
				1EBC8E51299CD10A0024A156 /* CFError.c in Sources */,
				1EBC8E3E299CD10A0024A156 /* CFTimeZone.c in Sources */,
				1EBC8E6D299CD10B0024A156 /* CFArray.c in Sources */,
				1EBC8E39299CD10A0024A156 /* CFBinaryHeap.c in Sources */,
				1EBC8E44299CD10A0024A156 /* CFSystemDirectories.c in Sources */,
				1EBC8E40299CD10A0024A156 /* CFOldStylePList.c in Sources */,
				1EBC8E1C299CD10A0024A156 /* CFSet.c in Sources */,
				1EBC8E1D299CD10A0024A156 /* CFDictionary.c in Sources */,
				1EBC8E38299CD10A0024A156 /* CFPlugIn.c in Sources */,
				1EBC8E4C299CD10A0024A156 /* CFWindowsUtilities.c in Sources */,
				1EBC8E22299CD10A0024A156 /* CFBasicHash.c in Sources */,
				1EBC8E34299CD10A0024A156 /* CFBundle_Binary.c in Sources */,
				1EBC8E6B299CD10B0024A156 /* CFSocket.c in Sources */,
				1EBC8E2A299CD10A0024A156 /* CFURL.c in Sources */,
				1EBC8E73299CD10B0024A156 /* CFDate.c in Sources */,
				1EBC8E28299CD10A0024A156 /* CFTree.c in Sources */,
				1EBC8E3C299CD10A0024A156 /* CFXMLTree.c in Sources */,
				1EBC8E25299CD10A0024A156 /* CFDateFormatter.c in Sources */,
				1EBC8E42299CD10A0024A156 /* plconvert.c in Sources */,
				1EBC8E66299CD10B0024A156 /* CFMachPort.c in Sources */,
				1EBC8E5C299CD10B0024A156 /* CFBundle_Grok.c in Sources */,
				1EBC8E4E299CD10A0024A156 /* CFXMLPreferencesDomain.c in Sources */,
				1EBC8E2E299CD10A0024A156 /* CFStream.c in Sources */,
				1EBC8E3F299CD10A0024A156 /* CFPlugIn_Factory.c in Sources */,
				1EBC8E4B299CD10A0024A156 /* CFPlatformConverters.c in Sources */,
				1EBC8E1E299CD10A0024A156 /* CFBitVector.c in Sources */,
				1EBC8D41299CD0480024A156 /* AppDelegate.m in Sources */,
				1EBC8E24299CD10A0024A156 /* CFLocaleKeys.c in Sources */,
				1EBC8E41299CD10A0024A156 /* CFXMLInputStream.c in Sources */,
				1EBC8D52299CD04C0024A156 /* main.m in Sources */,
				1EBC8D44299CD0480024A156 /* SceneDelegate.m in Sources */,
				1EBC8E56299CD10A0024A156 /* CFString.c in Sources */,
				1EBC8E45299CD10A0024A156 /* CFPropertyList.c in Sources */,
				1EBC8E2C299CD10A0024A156 /* CFMessagePort.c in Sources */,
				1EBC8E67299CD10B0024A156 /* CFBundle_Locale.c in Sources */,
				1EBC8E5D299CD10B0024A156 /* CFBag.c in Sources */,
				1EBC8E43299CD10A0024A156 /* CFICUConverters.c in Sources */,
				1EBC8E68299CD10B0024A156 /* CFApplicationPreferences.c in Sources */,
				1EBC8E23299CD10A0024A156 /* CFLocaleIdentifier.c in Sources */,
				1EBC8E72299CD10B0024A156 /* CFBundle_Strings.c in Sources */,
				1EBC8E69299CD10B0024A156 /* CFStringEncodingConverter.c in Sources */,
				1EBC8E55299CD10A0024A156 /* plconvert.c in Sources */,
				1EBC8E61299CD10B0024A156 /* CFVersion.c in Sources */,
				1EBC8E2D299CD10A0024A156 /* CFBuiltinConverters.c in Sources */,
				1EBC8E6E299CD10B0024A156 /* CFBigNumber.c in Sources */,
				1EBC8E50299CD10A0024A156 /* CFFileUtilities.c in Sources */,
				1EBC8E65299CD10B0024A156 /* CFPlugIn_PlugIn.c in Sources */,
				1EBC8E70299CD10B0024A156 /* CFRuntime.c in Sources */,
				1EBC8E47299CD10A0024A156 /* CFLocale.c in Sources */,
				1EBC8E1F299CD10A0024A156 /* CFBundle_InfoPlist.c in Sources */,
				1EBC8E74299CD10B0024A156 /* CFCharacterSet.c in Sources */,
				1EBC8E6F299CD10B0024A156 /* CFBinaryPList.c in Sources */,
				1EBC8E62299CD10B0024A156 /* CFSortFunctions.c in Sources */,
				1EBC8E58299CD10B0024A156 /* CFStringEncodingDatabase.c in Sources */,
				1EBC8E75299CD10B0024A156 /* CFStorage.c in Sources */,
				1EBC8E21299CD10A0024A156 /* CFBase.c in Sources */,
				1EBC8E35299CD10A0024A156 /* Makefile in Sources */,
				1EBC8E5B299CD10B0024A156 /* CFStringUtilities.c in Sources */,
			);
			runOnlyForDeploymentPostprocessing = 0;
		};
		1EBC8D53299CD04D0024A156 /* Sources */ = {
			isa = PBXSourcesBuildPhase;
			buildActionMask = 2147483647;
			files = (
				1EBC8D5C299CD04D0024A156 /* _02_RunLoop____Tests.m in Sources */,
			);
			runOnlyForDeploymentPostprocessing = 0;
		};
		1EBC8D5D299CD04D0024A156 /* Sources */ = {
			isa = PBXSourcesBuildPhase;
			buildActionMask = 2147483647;
			files = (
				1EBC8D68299CD04D0024A156 /* _02_RunLoop____UITestsLaunchTests.m in Sources */,
				1EBC8D66299CD04D0024A156 /* _02_RunLoop____UITests.m in Sources */,
			);
			runOnlyForDeploymentPostprocessing = 0;
		};
/* End PBXSourcesBuildPhase section */

/* Begin PBXTargetDependency section */
		1EBC8D59299CD04D0024A156 /* PBXTargetDependency */ = {
			isa = PBXTargetDependency;
			target = 1EBC8D3B299CD0480024A156 /* 002-RunLoop源码了解 */;
			targetProxy = 1EBC8D58299CD04D0024A156 /* PBXContainerItemProxy */;
		};
		1EBC8D63299CD04D0024A156 /* PBXTargetDependency */ = {
			isa = PBXTargetDependency;
			target = 1EBC8D3B299CD0480024A156 /* 002-RunLoop源码了解 */;
			targetProxy = 1EBC8D62299CD04D0024A156 /* PBXContainerItemProxy */;
		};
/* End PBXTargetDependency section */

/* Begin PBXVariantGroup section */
		1EBC8D48299CD0480024A156 /* Main.storyboard */ = {
			isa = PBXVariantGroup;
			children = (
				1EBC8D49299CD0480024A156 /* Base */,
			);
			name = Main.storyboard;
			sourceTree = "<group>";
		};
		1EBC8D4D299CD04C0024A156 /* LaunchScreen.storyboard */ = {
			isa = PBXVariantGroup;
			children = (
				1EBC8D4E299CD04C0024A156 /* Base */,
			);
			name = LaunchScreen.storyboard;
			sourceTree = "<group>";
		};
/* End PBXVariantGroup section */

/* Begin XCBuildConfiguration section */
		1EBC8D69299CD04D0024A156 /* Debug */ = {
			isa = XCBuildConfiguration;
			buildSettings = {
				ALWAYS_SEARCH_USER_PATHS = NO;
				CLANG_ANALYZER_NONNULL = YES;
				CLANG_ANALYZER_NUMBER_OBJECT_CONVERSION = YES_AGGRESSIVE;
				CLANG_CXX_LANGUAGE_STANDARD = "gnu++20";
				CLANG_ENABLE_MODULES = YES;
				CLANG_ENABLE_OBJC_ARC = YES;
				CLANG_ENABLE_OBJC_WEAK = YES;
				CLANG_WARN_BLOCK_CAPTURE_AUTORELEASING = YES;
				CLANG_WARN_BOOL_CONVERSION = YES;
				CLANG_WARN_COMMA = YES;
				CLANG_WARN_CONSTANT_CONVERSION = YES;
				CLANG_WARN_DEPRECATED_OBJC_IMPLEMENTATIONS = YES;
				CLANG_WARN_DIRECT_OBJC_ISA_USAGE = YES_ERROR;
				CLANG_WARN_DOCUMENTATION_COMMENTS = YES;
				CLANG_WARN_EMPTY_BODY = YES;
				CLANG_WARN_ENUM_CONVERSION = YES;
				CLANG_WARN_INFINITE_RECURSION = YES;
				CLANG_WARN_INT_CONVERSION = YES;
				CLANG_WARN_NON_LITERAL_NULL_CONVERSION = YES;
				CLANG_WARN_OBJC_IMPLICIT_RETAIN_SELF = YES;
				CLANG_WARN_OBJC_LITERAL_CONVERSION = YES;
				CLANG_WARN_OBJC_ROOT_CLASS = YES_ERROR;
				CLANG_WARN_QUOTED_INCLUDE_IN_FRAMEWORK_HEADER = YES;
				CLANG_WARN_RANGE_LOOP_ANALYSIS = YES;
				CLANG_WARN_STRICT_PROTOTYPES = YES;
				CLANG_WARN_SUSPICIOUS_MOVE = YES;
				CLANG_WARN_UNGUARDED_AVAILABILITY = YES_AGGRESSIVE;
				CLANG_WARN_UNREACHABLE_CODE = YES;
				CLANG_WARN__DUPLICATE_METHOD_MATCH = YES;
				COPY_PHASE_STRIP = NO;
				DEBUG_INFORMATION_FORMAT = dwarf;
				ENABLE_STRICT_OBJC_MSGSEND = YES;
				ENABLE_TESTABILITY = YES;
				GCC_C_LANGUAGE_STANDARD = gnu11;
				GCC_DYNAMIC_NO_PIC = NO;
				GCC_NO_COMMON_BLOCKS = YES;
				GCC_OPTIMIZATION_LEVEL = 0;
				GCC_PREPROCESSOR_DEFINITIONS = (
					"DEBUG=1",
					"$(inherited)",
				);
				GCC_WARN_64_TO_32_BIT_CONVERSION = YES;
				GCC_WARN_ABOUT_RETURN_TYPE = YES_ERROR;
				GCC_WARN_UNDECLARED_SELECTOR = YES;
				GCC_WARN_UNINITIALIZED_AUTOS = YES_AGGRESSIVE;
				GCC_WARN_UNUSED_FUNCTION = YES;
				GCC_WARN_UNUSED_VARIABLE = YES;
				IPHONEOS_DEPLOYMENT_TARGET = 16.2;
				MTL_ENABLE_DEBUG_INFO = INCLUDE_SOURCE;
				MTL_FAST_MATH = YES;
				ONLY_ACTIVE_ARCH = YES;
				SDKROOT = iphoneos;
			};
			name = Debug;
		};
		1EBC8D6A299CD04D0024A156 /* Release */ = {
			isa = XCBuildConfiguration;
			buildSettings = {
				ALWAYS_SEARCH_USER_PATHS = NO;
				CLANG_ANALYZER_NONNULL = YES;
				CLANG_ANALYZER_NUMBER_OBJECT_CONVERSION = YES_AGGRESSIVE;
				CLANG_CXX_LANGUAGE_STANDARD = "gnu++20";
				CLANG_ENABLE_MODULES = YES;
				CLANG_ENABLE_OBJC_ARC = YES;
				CLANG_ENABLE_OBJC_WEAK = YES;
				CLANG_WARN_BLOCK_CAPTURE_AUTORELEASING = YES;
				CLANG_WARN_BOOL_CONVERSION = YES;
				CLANG_WARN_COMMA = YES;
				CLANG_WARN_CONSTANT_CONVERSION = YES;
				CLANG_WARN_DEPRECATED_OBJC_IMPLEMENTATIONS = YES;
				CLANG_WARN_DIRECT_OBJC_ISA_USAGE = YES_ERROR;
				CLANG_WARN_DOCUMENTATION_COMMENTS = YES;
				CLANG_WARN_EMPTY_BODY = YES;
				CLANG_WARN_ENUM_CONVERSION = YES;
				CLANG_WARN_INFINITE_RECURSION = YES;
				CLANG_WARN_INT_CONVERSION = YES;
				CLANG_WARN_NON_LITERAL_NULL_CONVERSION = YES;
				CLANG_WARN_OBJC_IMPLICIT_RETAIN_SELF = YES;
				CLANG_WARN_OBJC_LITERAL_CONVERSION = YES;
				CLANG_WARN_OBJC_ROOT_CLASS = YES_ERROR;
				CLANG_WARN_QUOTED_INCLUDE_IN_FRAMEWORK_HEADER = YES;
				CLANG_WARN_RANGE_LOOP_ANALYSIS = YES;
				CLANG_WARN_STRICT_PROTOTYPES = YES;
				CLANG_WARN_SUSPICIOUS_MOVE = YES;
				CLANG_WARN_UNGUARDED_AVAILABILITY = YES_AGGRESSIVE;
				CLANG_WARN_UNREACHABLE_CODE = YES;
				CLANG_WARN__DUPLICATE_METHOD_MATCH = YES;
				COPY_PHASE_STRIP = NO;
				DEBUG_INFORMATION_FORMAT = "dwarf-with-dsym";
				ENABLE_NS_ASSERTIONS = NO;
				ENABLE_STRICT_OBJC_MSGSEND = YES;
				GCC_C_LANGUAGE_STANDARD = gnu11;
				GCC_NO_COMMON_BLOCKS = YES;
				GCC_WARN_64_TO_32_BIT_CONVERSION = YES;
				GCC_WARN_ABOUT_RETURN_TYPE = YES_ERROR;
				GCC_WARN_UNDECLARED_SELECTOR = YES;
				GCC_WARN_UNINITIALIZED_AUTOS = YES_AGGRESSIVE;
				GCC_WARN_UNUSED_FUNCTION = YES;
				GCC_WARN_UNUSED_VARIABLE = YES;
				IPHONEOS_DEPLOYMENT_TARGET = 16.2;
				MTL_ENABLE_DEBUG_INFO = NO;
				MTL_FAST_MATH = YES;
				SDKROOT = iphoneos;
				VALIDATE_PRODUCT = YES;
			};
			name = Release;
		};
		1EBC8D6C299CD04D0024A156 /* Debug */ = {
			isa = XCBuildConfiguration;
			buildSettings = {
				ASSETCATALOG_COMPILER_APPICON_NAME = AppIcon;
				ASSETCATALOG_COMPILER_GLOBAL_ACCENT_COLOR_NAME = AccentColor;
				CODE_SIGN_STYLE = Automatic;
				CURRENT_PROJECT_VERSION = 1;
				DEVELOPMENT_TEAM = ZURSBPY7B4;
				GENERATE_INFOPLIST_FILE = YES;
				INFOPLIST_FILE = "002-RunLoop源码了解/Info.plist";
				INFOPLIST_KEY_UIApplicationSupportsIndirectInputEvents = YES;
				INFOPLIST_KEY_UILaunchStoryboardName = LaunchScreen;
				INFOPLIST_KEY_UIMainStoryboardFile = Main;
				INFOPLIST_KEY_UISupportedInterfaceOrientations_iPad = "UIInterfaceOrientationPortrait UIInterfaceOrientationPortraitUpsideDown UIInterfaceOrientationLandscapeLeft UIInterfaceOrientationLandscapeRight";
				INFOPLIST_KEY_UISupportedInterfaceOrientations_iPhone = "UIInterfaceOrientationPortrait UIInterfaceOrientationLandscapeLeft UIInterfaceOrientationLandscapeRight";
				LD_RUNPATH_SEARCH_PATHS = (
					"$(inherited)",
					"@executable_path/Frameworks",
				);
				MARKETING_VERSION = 1.0;
				PRODUCT_BUNDLE_IDENTIFIER = "com.blockjj.app.-02-RunLoop----";
				PRODUCT_NAME = "$(TARGET_NAME)";
				SWIFT_EMIT_LOC_STRINGS = YES;
				TARGETED_DEVICE_FAMILY = "1,2";
			};
			name = Debug;
		};
		1EBC8D6D299CD04D0024A156 /* Release */ = {
			isa = XCBuildConfiguration;
			buildSettings = {
				ASSETCATALOG_COMPILER_APPICON_NAME = AppIcon;
				ASSETCATALOG_COMPILER_GLOBAL_ACCENT_COLOR_NAME = AccentColor;
				CODE_SIGN_STYLE = Automatic;
				CURRENT_PROJECT_VERSION = 1;
				DEVELOPMENT_TEAM = ZURSBPY7B4;
				GENERATE_INFOPLIST_FILE = YES;
				INFOPLIST_FILE = "002-RunLoop源码了解/Info.plist";
				INFOPLIST_KEY_UIApplicationSupportsIndirectInputEvents = YES;
				INFOPLIST_KEY_UILaunchStoryboardName = LaunchScreen;
				INFOPLIST_KEY_UIMainStoryboardFile = Main;
				INFOPLIST_KEY_UISupportedInterfaceOrientations_iPad = "UIInterfaceOrientationPortrait UIInterfaceOrientationPortraitUpsideDown UIInterfaceOrientationLandscapeLeft UIInterfaceOrientationLandscapeRight";
				INFOPLIST_KEY_UISupportedInterfaceOrientations_iPhone = "UIInterfaceOrientationPortrait UIInterfaceOrientationLandscapeLeft UIInterfaceOrientationLandscapeRight";
				LD_RUNPATH_SEARCH_PATHS = (
					"$(inherited)",
					"@executable_path/Frameworks",
				);
				MARKETING_VERSION = 1.0;
				PRODUCT_BUNDLE_IDENTIFIER = "com.blockjj.app.-02-RunLoop----";
				PRODUCT_NAME = "$(TARGET_NAME)";
				SWIFT_EMIT_LOC_STRINGS = YES;
				TARGETED_DEVICE_FAMILY = "1,2";
			};
			name = Release;
		};
		1EBC8D6F299CD04D0024A156 /* Debug */ = {
			isa = XCBuildConfiguration;
			buildSettings = {
				BUNDLE_LOADER = "$(TEST_HOST)";
				CODE_SIGN_STYLE = Automatic;
				CURRENT_PROJECT_VERSION = 1;
				DEVELOPMENT_TEAM = ZURSBPY7B4;
				GENERATE_INFOPLIST_FILE = YES;
				IPHONEOS_DEPLOYMENT_TARGET = 16.2;
				MARKETING_VERSION = 1.0;
				PRODUCT_BUNDLE_IDENTIFIER = "com.blockjj.app.-02-RunLoop----Tests";
				PRODUCT_NAME = "$(TARGET_NAME)";
				SWIFT_EMIT_LOC_STRINGS = NO;
				TARGETED_DEVICE_FAMILY = "1,2";
				TEST_HOST = "$(BUILT_PRODUCTS_DIR)/002-RunLoop源码了解.app/$(BUNDLE_EXECUTABLE_FOLDER_PATH)/002-RunLoop源码了解";
			};
			name = Debug;
		};
		1EBC8D70299CD04D0024A156 /* Release */ = {
			isa = XCBuildConfiguration;
			buildSettings = {
				BUNDLE_LOADER = "$(TEST_HOST)";
				CODE_SIGN_STYLE = Automatic;
				CURRENT_PROJECT_VERSION = 1;
				DEVELOPMENT_TEAM = ZURSBPY7B4;
				GENERATE_INFOPLIST_FILE = YES;
				IPHONEOS_DEPLOYMENT_TARGET = 16.2;
				MARKETING_VERSION = 1.0;
				PRODUCT_BUNDLE_IDENTIFIER = "com.blockjj.app.-02-RunLoop----Tests";
				PRODUCT_NAME = "$(TARGET_NAME)";
				SWIFT_EMIT_LOC_STRINGS = NO;
				TARGETED_DEVICE_FAMILY = "1,2";
				TEST_HOST = "$(BUILT_PRODUCTS_DIR)/002-RunLoop源码了解.app/$(BUNDLE_EXECUTABLE_FOLDER_PATH)/002-RunLoop源码了解";
			};
			name = Release;
		};
		1EBC8D72299CD04D0024A156 /* Debug */ = {
			isa = XCBuildConfiguration;
			buildSettings = {
				CODE_SIGN_STYLE = Automatic;
				CURRENT_PROJECT_VERSION = 1;
				DEVELOPMENT_TEAM = ZURSBPY7B4;
				GENERATE_INFOPLIST_FILE = YES;
				MARKETING_VERSION = 1.0;
				PRODUCT_BUNDLE_IDENTIFIER = "com.blockjj.app.-02-RunLoop----UITests";
				PRODUCT_NAME = "$(TARGET_NAME)";
				SWIFT_EMIT_LOC_STRINGS = NO;
				TARGETED_DEVICE_FAMILY = "1,2";
				TEST_TARGET_NAME = "002-RunLoop源码了解";
			};
			name = Debug;
		};
		1EBC8D73299CD04D0024A156 /* Release */ = {
			isa = XCBuildConfiguration;
			buildSettings = {
				CODE_SIGN_STYLE = Automatic;
				CURRENT_PROJECT_VERSION = 1;
				DEVELOPMENT_TEAM = ZURSBPY7B4;
				GENERATE_INFOPLIST_FILE = YES;
				MARKETING_VERSION = 1.0;
				PRODUCT_BUNDLE_IDENTIFIER = "com.blockjj.app.-02-RunLoop----UITests";
				PRODUCT_NAME = "$(TARGET_NAME)";
				SWIFT_EMIT_LOC_STRINGS = NO;
				TARGETED_DEVICE_FAMILY = "1,2";
				TEST_TARGET_NAME = "002-RunLoop源码了解";
			};
			name = Release;
		};
/* End XCBuildConfiguration section */

/* Begin XCConfigurationList section */
		1EBC8D37299CD0470024A156 /* Build configuration list for PBXProject "002-RunLoop源码了解" */ = {
			isa = XCConfigurationList;
			buildConfigurations = (
				1EBC8D69299CD04D0024A156 /* Debug */,
				1EBC8D6A299CD04D0024A156 /* Release */,
			);
			defaultConfigurationIsVisible = 0;
			defaultConfigurationName = Release;
		};
		1EBC8D6B299CD04D0024A156 /* Build configuration list for PBXNativeTarget "002-RunLoop源码了解" */ = {
			isa = XCConfigurationList;
			buildConfigurations = (
				1EBC8D6C299CD04D0024A156 /* Debug */,
				1EBC8D6D299CD04D0024A156 /* Release */,
			);
			defaultConfigurationIsVisible = 0;
			defaultConfigurationName = Release;
		};
		1EBC8D6E299CD04D0024A156 /* Build configuration list for PBXNativeTarget "002-RunLoop源码了解Tests" */ = {
			isa = XCConfigurationList;
			buildConfigurations = (
				1EBC8D6F299CD04D0024A156 /* Debug */,
				1EBC8D70299CD04D0024A156 /* Release */,
			);
			defaultConfigurationIsVisible = 0;
			defaultConfigurationName = Release;
		};
		1EBC8D71299CD04D0024A156 /* Build configuration list for PBXNativeTarget "002-RunLoop源码了解UITests" */ = {
			isa = XCConfigurationList;
			buildConfigurations = (
				1EBC8D72299CD04D0024A156 /* Debug */,
				1EBC8D73299CD04D0024A156 /* Release */,
			);
			defaultConfigurationIsVisible = 0;
			defaultConfigurationName = Release;
		};
/* End XCConfigurationList section */
	};
	rootObject = 1EBC8D34299CD0470024A156 /* Project object */;
}
