// !$*UTF8*$!
{
	archiveVersion = 1;
	classes = {
	};
	objectVersion = 56;
	objects = {

/* Begin PBXBuildFile section */
		1E1881DE299A2DC700359450 /* AppDelegate.m in Sources */ = {isa = PBXBuildFile; fileRef = 1E1881DD299A2DC700359450 /* AppDelegate.m */; };
		1E1881E1299A2DC700359450 /* SceneDelegate.m in Sources */ = {isa = PBXBuildFile; fileRef = 1E1881E0299A2DC700359450 /* SceneDelegate.m */; };
		1E1881E4299A2DC700359450 /* ViewController.m in Sources */ = {isa = PBXBuildFile; fileRef = 1E1881E3299A2DC700359450 /* ViewController.m */; };
		1E1881E7299A2DC700359450 /* Main.storyboard in Resources */ = {isa = PBXBuildFile; fileRef = 1E1881E5299A2DC700359450 /* Main.storyboard */; };
		1E1881E9299A2DCA00359450 /* Assets.xcassets in Resources */ = {isa = PBXBuildFile; fileRef = 1E1881E8299A2DCA00359450 /* Assets.xcassets */; };
		1E1881EC299A2DCA00359450 /* LaunchScreen.storyboard in Resources */ = {isa = PBXBuildFile; fileRef = 1E1881EA299A2DCA00359450 /* LaunchScreen.storyboard */; };
		1E1881EF299A2DCA00359450 /* main.m in Sources */ = {isa = PBXBuildFile; fileRef = 1E1881EE299A2DCA00359450 /* main.m */; };
		1E1881F9299A2DCA00359450 /* _02_Block_____Tests.m in Sources */ = {isa = PBXBuildFile; fileRef = 1E1881F8299A2DCA00359450 /* _02_Block_____Tests.m */; };
		1E188203299A2DCA00359450 /* _02_Block_____UITests.m in Sources */ = {isa = PBXBuildFile; fileRef = 1E188202299A2DCA00359450 /* _02_Block_____UITests.m */; };
		1E188205299A2DCA00359450 /* _02_Block_____UITestsLaunchTests.m in Sources */ = {isa = PBXBuildFile; fileRef = 1E188204299A2DCA00359450 /* _02_Block_____UITestsLaunchTests.m */; };
		1E188213299A2ECF00359450 /* SSViewController.m in Sources */ = {isa = PBXBuildFile; fileRef = 1E188212299A2ECE00359450 /* SSViewController.m */; };
/* End PBXBuildFile section */

/* Begin PBXContainerItemProxy section */
		1E1881F5299A2DCA00359450 /* PBXContainerItemProxy */ = {
			isa = PBXContainerItemProxy;
			containerPortal = 1E1881D1299A2DC700359450 /* Project object */;
			proxyType = 1;
			remoteGlobalIDString = 1E1881D8299A2DC700359450;
			remoteInfo = "002-Block的循环引用";
		};
		1E1881FF299A2DCA00359450 /* PBXContainerItemProxy */ = {
			isa = PBXContainerItemProxy;
			containerPortal = 1E1881D1299A2DC700359450 /* Project object */;
			proxyType = 1;
			remoteGlobalIDString = 1E1881D8299A2DC700359450;
			remoteInfo = "002-Block的循环引用";
		};
/* End PBXContainerItemProxy section */

/* Begin PBXFileReference section */
		1E1881D9299A2DC700359450 /* 002-Block的循环引用.app */ = {isa = PBXFileReference; explicitFileType = wrapper.application; includeInIndex = 0; path = "002-Block的循环引用.app"; sourceTree = BUILT_PRODUCTS_DIR; };
		1E1881DC299A2DC700359450 /* AppDelegate.h */ = {isa = PBXFileReference; lastKnownFileType = sourcecode.c.h; path = AppDelegate.h; sourceTree = "<group>"; };
		1E1881DD299A2DC700359450 /* AppDelegate.m */ = {isa = PBXFileReference; lastKnownFileType = sourcecode.c.objc; path = AppDelegate.m; sourceTree = "<group>"; };
		1E1881DF299A2DC700359450 /* SceneDelegate.h */ = {isa = PBXFileReference; lastKnownFileType = sourcecode.c.h; path = SceneDelegate.h; sourceTree = "<group>"; };
		1E1881E0299A2DC700359450 /* SceneDelegate.m */ = {isa = PBXFileReference; lastKnownFileType = sourcecode.c.objc; path = SceneDelegate.m; sourceTree = "<group>"; };
		1E1881E2299A2DC700359450 /* ViewController.h */ = {isa = PBXFileReference; lastKnownFileType = sourcecode.c.h; path = ViewController.h; sourceTree = "<group>"; };
		1E1881E3299A2DC700359450 /* ViewController.m */ = {isa = PBXFileReference; lastKnownFileType = sourcecode.c.objc; path = ViewController.m; sourceTree = "<group>"; };
		1E1881E6299A2DC700359450 /* Base */ = {isa = PBXFileReference; lastKnownFileType = file.storyboard; name = Base; path = Base.lproj/Main.storyboard; sourceTree = "<group>"; };
		1E1881E8299A2DCA00359450 /* Assets.xcassets */ = {isa = PBXFileReference; lastKnownFileType = folder.assetcatalog; path = Assets.xcassets; sourceTree = "<group>"; };
		1E1881EB299A2DCA00359450 /* Base */ = {isa = PBXFileReference; lastKnownFileType = file.storyboard; name = Base; path = Base.lproj/LaunchScreen.storyboard; sourceTree = "<group>"; };
		1E1881ED299A2DCA00359450 /* Info.plist */ = {isa = PBXFileReference; lastKnownFileType = text.plist.xml; path = Info.plist; sourceTree = "<group>"; };
		1E1881EE299A2DCA00359450 /* main.m */ = {isa = PBXFileReference; lastKnownFileType = sourcecode.c.objc; path = main.m; sourceTree = "<group>"; };
		1E1881F4299A2DCA00359450 /* 002-Block的循环引用Tests.xctest */ = {isa = PBXFileReference; explicitFileType = wrapper.cfbundle; includeInIndex = 0; path = "002-Block的循环引用Tests.xctest"; sourceTree = BUILT_PRODUCTS_DIR; };
		1E1881F8299A2DCA00359450 /* _02_Block_____Tests.m */ = {isa = PBXFileReference; lastKnownFileType = sourcecode.c.objc; path = "_02_Block_____Tests.m"; sourceTree = "<group>"; };
		1E1881FE299A2DCA00359450 /* 002-Block的循环引用UITests.xctest */ = {isa = PBXFileReference; explicitFileType = wrapper.cfbundle; includeInIndex = 0; path = "002-Block的循环引用UITests.xctest"; sourceTree = BUILT_PRODUCTS_DIR; };
		1E188202299A2DCA00359450 /* _02_Block_____UITests.m */ = {isa = PBXFileReference; lastKnownFileType = sourcecode.c.objc; path = "_02_Block_____UITests.m"; sourceTree = "<group>"; };
		1E188204299A2DCA00359450 /* _02_Block_____UITestsLaunchTests.m */ = {isa = PBXFileReference; lastKnownFileType = sourcecode.c.objc; path = "_02_Block_____UITestsLaunchTests.m"; sourceTree = "<group>"; };
		1E188211299A2ECE00359450 /* SSViewController.h */ = {isa = PBXFileReference; fileEncoding = 4; lastKnownFileType = sourcecode.c.h; path = SSViewController.h; sourceTree = "<group>"; };
		1E188212299A2ECE00359450 /* SSViewController.m */ = {isa = PBXFileReference; fileEncoding = 4; lastKnownFileType = sourcecode.c.objc; path = SSViewController.m; sourceTree = "<group>"; };
/* End PBXFileReference section */

/* Begin PBXFrameworksBuildPhase section */
		1E1881D6299A2DC700359450 /* Frameworks */ = {
			isa = PBXFrameworksBuildPhase;
			buildActionMask = 2147483647;
			files = (
			);
			runOnlyForDeploymentPostprocessing = 0;
		};
		1E1881F1299A2DCA00359450 /* Frameworks */ = {
			isa = PBXFrameworksBuildPhase;
			buildActionMask = 2147483647;
			files = (
			);
			runOnlyForDeploymentPostprocessing = 0;
		};
		1E1881FB299A2DCA00359450 /* Frameworks */ = {
			isa = PBXFrameworksBuildPhase;
			buildActionMask = 2147483647;
			files = (
			);
			runOnlyForDeploymentPostprocessing = 0;
		};
/* End PBXFrameworksBuildPhase section */

/* Begin PBXGroup section */
		1E1881D0299A2DC700359450 = {
			isa = PBXGroup;
			children = (
				1E1881DB299A2DC700359450 /* 002-Block的循环引用 */,
				1E1881F7299A2DCA00359450 /* 002-Block的循环引用Tests */,
				1E188201299A2DCA00359450 /* 002-Block的循环引用UITests */,
				1E1881DA299A2DC700359450 /* Products */,
			);
			sourceTree = "<group>";
		};
		1E1881DA299A2DC700359450 /* Products */ = {
			isa = PBXGroup;
			children = (
				1E1881D9299A2DC700359450 /* 002-Block的循环引用.app */,
				1E1881F4299A2DCA00359450 /* 002-Block的循环引用Tests.xctest */,
				1E1881FE299A2DCA00359450 /* 002-Block的循环引用UITests.xctest */,
			);
			name = Products;
			sourceTree = "<group>";
		};
		1E1881DB299A2DC700359450 /* 002-Block的循环引用 */ = {
			isa = PBXGroup;
			children = (
				1E1881DC299A2DC700359450 /* AppDelegate.h */,
				1E1881DD299A2DC700359450 /* AppDelegate.m */,
				1E1881DF299A2DC700359450 /* SceneDelegate.h */,
				1E1881E0299A2DC700359450 /* SceneDelegate.m */,
				1E1881E2299A2DC700359450 /* ViewController.h */,
				1E1881E3299A2DC700359450 /* ViewController.m */,
				1E188211299A2ECE00359450 /* SSViewController.h */,
				1E188212299A2ECE00359450 /* SSViewController.m */,
				1E1881E5299A2DC700359450 /* Main.storyboard */,
				1E1881E8299A2DCA00359450 /* Assets.xcassets */,
				1E1881EA299A2DCA00359450 /* LaunchScreen.storyboard */,
				1E1881ED299A2DCA00359450 /* Info.plist */,
				1E1881EE299A2DCA00359450 /* main.m */,
			);
			path = "002-Block的循环引用";
			sourceTree = "<group>";
		};
		1E1881F7299A2DCA00359450 /* 002-Block的循环引用Tests */ = {
			isa = PBXGroup;
			children = (
				1E1881F8299A2DCA00359450 /* _02_Block_____Tests.m */,
			);
			path = "002-Block的循环引用Tests";
			sourceTree = "<group>";
		};
		1E188201299A2DCA00359450 /* 002-Block的循环引用UITests */ = {
			isa = PBXGroup;
			children = (
				1E188202299A2DCA00359450 /* _02_Block_____UITests.m */,
				1E188204299A2DCA00359450 /* _02_Block_____UITestsLaunchTests.m */,
			);
			path = "002-Block的循环引用UITests";
			sourceTree = "<group>";
		};
/* End PBXGroup section */

/* Begin PBXNativeTarget section */
		1E1881D8299A2DC700359450 /* 002-Block的循环引用 */ = {
			isa = PBXNativeTarget;
			buildConfigurationList = 1E188208299A2DCA00359450 /* Build configuration list for PBXNativeTarget "002-Block的循环引用" */;
			buildPhases = (
				1E1881D5299A2DC700359450 /* Sources */,
				1E1881D6299A2DC700359450 /* Frameworks */,
				1E1881D7299A2DC700359450 /* Resources */,
			);
			buildRules = (
			);
			dependencies = (
			);
			name = "002-Block的循环引用";
			productName = "002-Block的循环引用";
			productReference = 1E1881D9299A2DC700359450 /* 002-Block的循环引用.app */;
			productType = "com.apple.product-type.application";
		};
		1E1881F3299A2DCA00359450 /* 002-Block的循环引用Tests */ = {
			isa = PBXNativeTarget;
			buildConfigurationList = 1E18820B299A2DCA00359450 /* Build configuration list for PBXNativeTarget "002-Block的循环引用Tests" */;
			buildPhases = (
				1E1881F0299A2DCA00359450 /* Sources */,
				1E1881F1299A2DCA00359450 /* Frameworks */,
				1E1881F2299A2DCA00359450 /* Resources */,
			);
			buildRules = (
			);
			dependencies = (
				1E1881F6299A2DCA00359450 /* PBXTargetDependency */,
			);
			name = "002-Block的循环引用Tests";
			productName = "002-Block的循环引用Tests";
			productReference = 1E1881F4299A2DCA00359450 /* 002-Block的循环引用Tests.xctest */;
			productType = "com.apple.product-type.bundle.unit-test";
		};
		1E1881FD299A2DCA00359450 /* 002-Block的循环引用UITests */ = {
			isa = PBXNativeTarget;
			buildConfigurationList = 1E18820E299A2DCA00359450 /* Build configuration list for PBXNativeTarget "002-Block的循环引用UITests" */;
			buildPhases = (
				1E1881FA299A2DCA00359450 /* Sources */,
				1E1881FB299A2DCA00359450 /* Frameworks */,
				1E1881FC299A2DCA00359450 /* Resources */,
			);
			buildRules = (
			);
			dependencies = (
				1E188200299A2DCA00359450 /* PBXTargetDependency */,
			);
			name = "002-Block的循环引用UITests";
			productName = "002-Block的循环引用UITests";
			productReference = 1E1881FE299A2DCA00359450 /* 002-Block的循环引用UITests.xctest */;
			productType = "com.apple.product-type.bundle.ui-testing";
		};
/* End PBXNativeTarget section */

/* Begin PBXProject section */
		1E1881D1299A2DC700359450 /* Project object */ = {
			isa = PBXProject;
			attributes = {
				BuildIndependentTargetsInParallel = 1;
				LastUpgradeCheck = 1420;
				TargetAttributes = {
					1E1881D8299A2DC700359450 = {
						CreatedOnToolsVersion = 14.2;
					};
					1E1881F3299A2DCA00359450 = {
						CreatedOnToolsVersion = 14.2;
						TestTargetID = 1E1881D8299A2DC700359450;
					};
					1E1881FD299A2DCA00359450 = {
						CreatedOnToolsVersion = 14.2;
						TestTargetID = 1E1881D8299A2DC700359450;
					};
				};
			};
			buildConfigurationList = 1E1881D4299A2DC700359450 /* Build configuration list for PBXProject "002-Block的循环引用" */;
			compatibilityVersion = "Xcode 14.0";
			developmentRegion = en;
			hasScannedForEncodings = 0;
			knownRegions = (
				en,
				Base,
			);
			mainGroup = 1E1881D0299A2DC700359450;
			productRefGroup = 1E1881DA299A2DC700359450 /* Products */;
			projectDirPath = "";
			projectRoot = "";
			targets = (
				1E1881D8299A2DC700359450 /* 002-Block的循环引用 */,
				1E1881F3299A2DCA00359450 /* 002-Block的循环引用Tests */,
				1E1881FD299A2DCA00359450 /* 002-Block的循环引用UITests */,
			);
		};
/* End PBXProject section */

/* Begin PBXResourcesBuildPhase section */
		1E1881D7299A2DC700359450 /* Resources */ = {
			isa = PBXResourcesBuildPhase;
			buildActionMask = 2147483647;
			files = (
				1E1881EC299A2DCA00359450 /* LaunchScreen.storyboard in Resources */,
				1E1881E9299A2DCA00359450 /* Assets.xcassets in Resources */,
				1E1881E7299A2DC700359450 /* Main.storyboard in Resources */,
			);
			runOnlyForDeploymentPostprocessing = 0;
		};
		1E1881F2299A2DCA00359450 /* Resources */ = {
			isa = PBXResourcesBuildPhase;
			buildActionMask = 2147483647;
			files = (
			);
			runOnlyForDeploymentPostprocessing = 0;
		};
		1E1881FC299A2DCA00359450 /* Resources */ = {
			isa = PBXResourcesBuildPhase;
			buildActionMask = 2147483647;
			files = (
			);
			runOnlyForDeploymentPostprocessing = 0;
		};
/* End PBXResourcesBuildPhase section */

/* Begin PBXSourcesBuildPhase section */
		1E1881D5299A2DC700359450 /* Sources */ = {
			isa = PBXSourcesBuildPhase;
			buildActionMask = 2147483647;
			files = (
				1E1881E4299A2DC700359450 /* ViewController.m in Sources */,
				1E1881DE299A2DC700359450 /* AppDelegate.m in Sources */,
				1E188213299A2ECF00359450 /* SSViewController.m in Sources */,
				1E1881EF299A2DCA00359450 /* main.m in Sources */,
				1E1881E1299A2DC700359450 /* SceneDelegate.m in Sources */,
			);
			runOnlyForDeploymentPostprocessing = 0;
		};
		1E1881F0299A2DCA00359450 /* Sources */ = {
			isa = PBXSourcesBuildPhase;
			buildActionMask = 2147483647;
			files = (
				1E1881F9299A2DCA00359450 /* _02_Block_____Tests.m in Sources */,
			);
			runOnlyForDeploymentPostprocessing = 0;
		};
		1E1881FA299A2DCA00359450 /* Sources */ = {
			isa = PBXSourcesBuildPhase;
			buildActionMask = 2147483647;
			files = (
				1E188205299A2DCA00359450 /* _02_Block_____UITestsLaunchTests.m in Sources */,
				1E188203299A2DCA00359450 /* _02_Block_____UITests.m in Sources */,
			);
			runOnlyForDeploymentPostprocessing = 0;
		};
/* End PBXSourcesBuildPhase section */

/* Begin PBXTargetDependency section */
		1E1881F6299A2DCA00359450 /* PBXTargetDependency */ = {
			isa = PBXTargetDependency;
			target = 1E1881D8299A2DC700359450 /* 002-Block的循环引用 */;
			targetProxy = 1E1881F5299A2DCA00359450 /* PBXContainerItemProxy */;
		};
		1E188200299A2DCA00359450 /* PBXTargetDependency */ = {
			isa = PBXTargetDependency;
			target = 1E1881D8299A2DC700359450 /* 002-Block的循环引用 */;
			targetProxy = 1E1881FF299A2DCA00359450 /* PBXContainerItemProxy */;
		};
/* End PBXTargetDependency section */

/* Begin PBXVariantGroup section */
		1E1881E5299A2DC700359450 /* Main.storyboard */ = {
			isa = PBXVariantGroup;
			children = (
				1E1881E6299A2DC700359450 /* Base */,
			);
			name = Main.storyboard;
			sourceTree = "<group>";
		};
		1E1881EA299A2DCA00359450 /* LaunchScreen.storyboard */ = {
			isa = PBXVariantGroup;
			children = (
				1E1881EB299A2DCA00359450 /* Base */,
			);
			name = LaunchScreen.storyboard;
			sourceTree = "<group>";
		};
/* End PBXVariantGroup section */

/* Begin XCBuildConfiguration section */
		1E188206299A2DCA00359450 /* Debug */ = {
			isa = XCBuildConfiguration;
			buildSettings = {
				ALWAYS_SEARCH_USER_PATHS = NO;
				CLANG_ANALYZER_NONNULL = YES;
				CLANG_ANALYZER_NUMBER_OBJECT_CONVERSION = YES_AGGRESSIVE;
				CLANG_CXX_LANGUAGE_STANDARD = "gnu++20";
				CLANG_ENABLE_MODULES = YES;
				CLANG_ENABLE_OBJC_ARC = YES;
				CLANG_ENABLE_OBJC_WEAK = YES;
				CLANG_WARN_BLOCK_CAPTURE_AUTORELEASING = YES;
				CLANG_WARN_BOOL_CONVERSION = YES;
				CLANG_WARN_COMMA = YES;
				CLANG_WARN_CONSTANT_CONVERSION = YES;
				CLANG_WARN_DEPRECATED_OBJC_IMPLEMENTATIONS = YES;
				CLANG_WARN_DIRECT_OBJC_ISA_USAGE = YES_ERROR;
				CLANG_WARN_DOCUMENTATION_COMMENTS = YES;
				CLANG_WARN_EMPTY_BODY = YES;
				CLANG_WARN_ENUM_CONVERSION = YES;
				CLANG_WARN_INFINITE_RECURSION = YES;
				CLANG_WARN_INT_CONVERSION = YES;
				CLANG_WARN_NON_LITERAL_NULL_CONVERSION = YES;
				CLANG_WARN_OBJC_IMPLICIT_RETAIN_SELF = YES;
				CLANG_WARN_OBJC_LITERAL_CONVERSION = YES;
				CLANG_WARN_OBJC_ROOT_CLASS = YES_ERROR;
				CLANG_WARN_QUOTED_INCLUDE_IN_FRAMEWORK_HEADER = YES;
				CLANG_WARN_RANGE_LOOP_ANALYSIS = YES;
				CLANG_WARN_STRICT_PROTOTYPES = YES;
				CLANG_WARN_SUSPICIOUS_MOVE = YES;
				CLANG_WARN_UNGUARDED_AVAILABILITY = YES_AGGRESSIVE;
				CLANG_WARN_UNREACHABLE_CODE = YES;
				CLANG_WARN__DUPLICATE_METHOD_MATCH = YES;
				COPY_PHASE_STRIP = NO;
				DEBUG_INFORMATION_FORMAT = dwarf;
				ENABLE_STRICT_OBJC_MSGSEND = YES;
				ENABLE_TESTABILITY = YES;
				GCC_C_LANGUAGE_STANDARD = gnu11;
				GCC_DYNAMIC_NO_PIC = NO;
				GCC_NO_COMMON_BLOCKS = YES;
				GCC_OPTIMIZATION_LEVEL = 0;
				GCC_PREPROCESSOR_DEFINITIONS = (
					"DEBUG=1",
					"$(inherited)",
				);
				GCC_WARN_64_TO_32_BIT_CONVERSION = YES;
				GCC_WARN_ABOUT_RETURN_TYPE = YES_ERROR;
				GCC_WARN_UNDECLARED_SELECTOR = YES;
				GCC_WARN_UNINITIALIZED_AUTOS = YES_AGGRESSIVE;
				GCC_WARN_UNUSED_FUNCTION = YES;
				GCC_WARN_UNUSED_VARIABLE = YES;
				IPHONEOS_DEPLOYMENT_TARGET = 16.2;
				MTL_ENABLE_DEBUG_INFO = INCLUDE_SOURCE;
				MTL_FAST_MATH = YES;
				ONLY_ACTIVE_ARCH = YES;
				SDKROOT = iphoneos;
			};
			name = Debug;
		};
		1E188207299A2DCA00359450 /* Release */ = {
			isa = XCBuildConfiguration;
			buildSettings = {
				ALWAYS_SEARCH_USER_PATHS = NO;
				CLANG_ANALYZER_NONNULL = YES;
				CLANG_ANALYZER_NUMBER_OBJECT_CONVERSION = YES_AGGRESSIVE;
				CLANG_CXX_LANGUAGE_STANDARD = "gnu++20";
				CLANG_ENABLE_MODULES = YES;
				CLANG_ENABLE_OBJC_ARC = YES;
				CLANG_ENABLE_OBJC_WEAK = YES;
				CLANG_WARN_BLOCK_CAPTURE_AUTORELEASING = YES;
				CLANG_WARN_BOOL_CONVERSION = YES;
				CLANG_WARN_COMMA = YES;
				CLANG_WARN_CONSTANT_CONVERSION = YES;
				CLANG_WARN_DEPRECATED_OBJC_IMPLEMENTATIONS = YES;
				CLANG_WARN_DIRECT_OBJC_ISA_USAGE = YES_ERROR;
				CLANG_WARN_DOCUMENTATION_COMMENTS = YES;
				CLANG_WARN_EMPTY_BODY = YES;
				CLANG_WARN_ENUM_CONVERSION = YES;
				CLANG_WARN_INFINITE_RECURSION = YES;
				CLANG_WARN_INT_CONVERSION = YES;
				CLANG_WARN_NON_LITERAL_NULL_CONVERSION = YES;
				CLANG_WARN_OBJC_IMPLICIT_RETAIN_SELF = YES;
				CLANG_WARN_OBJC_LITERAL_CONVERSION = YES;
				CLANG_WARN_OBJC_ROOT_CLASS = YES_ERROR;
				CLANG_WARN_QUOTED_INCLUDE_IN_FRAMEWORK_HEADER = YES;
				CLANG_WARN_RANGE_LOOP_ANALYSIS = YES;
				CLANG_WARN_STRICT_PROTOTYPES = YES;
				CLANG_WARN_SUSPICIOUS_MOVE = YES;
				CLANG_WARN_UNGUARDED_AVAILABILITY = YES_AGGRESSIVE;
				CLANG_WARN_UNREACHABLE_CODE = YES;
				CLANG_WARN__DUPLICATE_METHOD_MATCH = YES;
				COPY_PHASE_STRIP = NO;
				DEBUG_INFORMATION_FORMAT = "dwarf-with-dsym";
				ENABLE_NS_ASSERTIONS = NO;
				ENABLE_STRICT_OBJC_MSGSEND = YES;
				GCC_C_LANGUAGE_STANDARD = gnu11;
				GCC_NO_COMMON_BLOCKS = YES;
				GCC_WARN_64_TO_32_BIT_CONVERSION = YES;
				GCC_WARN_ABOUT_RETURN_TYPE = YES_ERROR;
				GCC_WARN_UNDECLARED_SELECTOR = YES;
				GCC_WARN_UNINITIALIZED_AUTOS = YES_AGGRESSIVE;
				GCC_WARN_UNUSED_FUNCTION = YES;
				GCC_WARN_UNUSED_VARIABLE = YES;
				IPHONEOS_DEPLOYMENT_TARGET = 16.2;
				MTL_ENABLE_DEBUG_INFO = NO;
				MTL_FAST_MATH = YES;
				SDKROOT = iphoneos;
				VALIDATE_PRODUCT = YES;
			};
			name = Release;
		};
		1E188209299A2DCA00359450 /* Debug */ = {
			isa = XCBuildConfiguration;
			buildSettings = {
				ASSETCATALOG_COMPILER_APPICON_NAME = AppIcon;
				ASSETCATALOG_COMPILER_GLOBAL_ACCENT_COLOR_NAME = AccentColor;
				CODE_SIGN_STYLE = Automatic;
				CURRENT_PROJECT_VERSION = 1;
				DEVELOPMENT_TEAM = ZURSBPY7B4;
				GENERATE_INFOPLIST_FILE = YES;
				INFOPLIST_FILE = "002-Block的循环引用/Info.plist";
				INFOPLIST_KEY_UIApplicationSupportsIndirectInputEvents = YES;
				INFOPLIST_KEY_UILaunchStoryboardName = LaunchScreen;
				INFOPLIST_KEY_UIMainStoryboardFile = Main;
				INFOPLIST_KEY_UISupportedInterfaceOrientations_iPad = "UIInterfaceOrientationPortrait UIInterfaceOrientationPortraitUpsideDown UIInterfaceOrientationLandscapeLeft UIInterfaceOrientationLandscapeRight";
				INFOPLIST_KEY_UISupportedInterfaceOrientations_iPhone = "UIInterfaceOrientationPortrait UIInterfaceOrientationLandscapeLeft UIInterfaceOrientationLandscapeRight";
				LD_RUNPATH_SEARCH_PATHS = (
					"$(inherited)",
					"@executable_path/Frameworks",
				);
				MARKETING_VERSION = 1.0;
				PRODUCT_BUNDLE_IDENTIFIER = "com.blockxxyy.app.-02-Block-----";
				PRODUCT_NAME = "$(TARGET_NAME)";
				SWIFT_EMIT_LOC_STRINGS = YES;
				TARGETED_DEVICE_FAMILY = "1,2";
			};
			name = Debug;
		};
		1E18820A299A2DCA00359450 /* Release */ = {
			isa = XCBuildConfiguration;
			buildSettings = {
				ASSETCATALOG_COMPILER_APPICON_NAME = AppIcon;
				ASSETCATALOG_COMPILER_GLOBAL_ACCENT_COLOR_NAME = AccentColor;
				CODE_SIGN_STYLE = Automatic;
				CURRENT_PROJECT_VERSION = 1;
				DEVELOPMENT_TEAM = ZURSBPY7B4;
				GENERATE_INFOPLIST_FILE = YES;
				INFOPLIST_FILE = "002-Block的循环引用/Info.plist";
				INFOPLIST_KEY_UIApplicationSupportsIndirectInputEvents = YES;
				INFOPLIST_KEY_UILaunchStoryboardName = LaunchScreen;
				INFOPLIST_KEY_UIMainStoryboardFile = Main;
				INFOPLIST_KEY_UISupportedInterfaceOrientations_iPad = "UIInterfaceOrientationPortrait UIInterfaceOrientationPortraitUpsideDown UIInterfaceOrientationLandscapeLeft UIInterfaceOrientationLandscapeRight";
				INFOPLIST_KEY_UISupportedInterfaceOrientations_iPhone = "UIInterfaceOrientationPortrait UIInterfaceOrientationLandscapeLeft UIInterfaceOrientationLandscapeRight";
				LD_RUNPATH_SEARCH_PATHS = (
					"$(inherited)",
					"@executable_path/Frameworks",
				);
				MARKETING_VERSION = 1.0;
				PRODUCT_BUNDLE_IDENTIFIER = "com.blockxxyy.app.-02-Block-----";
				PRODUCT_NAME = "$(TARGET_NAME)";
				SWIFT_EMIT_LOC_STRINGS = YES;
				TARGETED_DEVICE_FAMILY = "1,2";
			};
			name = Release;
		};
		1E18820C299A2DCA00359450 /* Debug */ = {
			isa = XCBuildConfiguration;
			buildSettings = {
				BUNDLE_LOADER = "$(TEST_HOST)";
				CODE_SIGN_STYLE = Automatic;
				CURRENT_PROJECT_VERSION = 1;
				DEVELOPMENT_TEAM = ZURSBPY7B4;
				GENERATE_INFOPLIST_FILE = YES;
				IPHONEOS_DEPLOYMENT_TARGET = 16.2;
				MARKETING_VERSION = 1.0;
				PRODUCT_BUNDLE_IDENTIFIER = "com.blockxxyy.app.-02-Block-----Tests";
				PRODUCT_NAME = "$(TARGET_NAME)";
				SWIFT_EMIT_LOC_STRINGS = NO;
				TARGETED_DEVICE_FAMILY = "1,2";
				TEST_HOST = "$(BUILT_PRODUCTS_DIR)/002-Block的循环引用.app/$(BUNDLE_EXECUTABLE_FOLDER_PATH)/002-Block的循环引用";
			};
			name = Debug;
		};
		1E18820D299A2DCA00359450 /* Release */ = {
			isa = XCBuildConfiguration;
			buildSettings = {
				BUNDLE_LOADER = "$(TEST_HOST)";
				CODE_SIGN_STYLE = Automatic;
				CURRENT_PROJECT_VERSION = 1;
				DEVELOPMENT_TEAM = ZURSBPY7B4;
				GENERATE_INFOPLIST_FILE = YES;
				IPHONEOS_DEPLOYMENT_TARGET = 16.2;
				MARKETING_VERSION = 1.0;
				PRODUCT_BUNDLE_IDENTIFIER = "com.blockxxyy.app.-02-Block-----Tests";
				PRODUCT_NAME = "$(TARGET_NAME)";
				SWIFT_EMIT_LOC_STRINGS = NO;
				TARGETED_DEVICE_FAMILY = "1,2";
				TEST_HOST = "$(BUILT_PRODUCTS_DIR)/002-Block的循环引用.app/$(BUNDLE_EXECUTABLE_FOLDER_PATH)/002-Block的循环引用";
			};
			name = Release;
		};
		1E18820F299A2DCA00359450 /* Debug */ = {
			isa = XCBuildConfiguration;
			buildSettings = {
				CODE_SIGN_STYLE = Automatic;
				CURRENT_PROJECT_VERSION = 1;
				DEVELOPMENT_TEAM = ZURSBPY7B4;
				GENERATE_INFOPLIST_FILE = YES;
				MARKETING_VERSION = 1.0;
				PRODUCT_BUNDLE_IDENTIFIER = "com.blockxxyy.app.-02-Block-----UITests";
				PRODUCT_NAME = "$(TARGET_NAME)";
				SWIFT_EMIT_LOC_STRINGS = NO;
				TARGETED_DEVICE_FAMILY = "1,2";
				TEST_TARGET_NAME = "002-Block的循环引用";
			};
			name = Debug;
		};
		1E188210299A2DCA00359450 /* Release */ = {
			isa = XCBuildConfiguration;
			buildSettings = {
				CODE_SIGN_STYLE = Automatic;
				CURRENT_PROJECT_VERSION = 1;
				DEVELOPMENT_TEAM = ZURSBPY7B4;
				GENERATE_INFOPLIST_FILE = YES;
				MARKETING_VERSION = 1.0;
				PRODUCT_BUNDLE_IDENTIFIER = "com.blockxxyy.app.-02-Block-----UITests";
				PRODUCT_NAME = "$(TARGET_NAME)";
				SWIFT_EMIT_LOC_STRINGS = NO;
				TARGETED_DEVICE_FAMILY = "1,2";
				TEST_TARGET_NAME = "002-Block的循环引用";
			};
			name = Release;
		};
/* End XCBuildConfiguration section */

/* Begin XCConfigurationList section */
		1E1881D4299A2DC700359450 /* Build configuration list for PBXProject "002-Block的循环引用" */ = {
			isa = XCConfigurationList;
			buildConfigurations = (
				1E188206299A2DCA00359450 /* Debug */,
				1E188207299A2DCA00359450 /* Release */,
			);
			defaultConfigurationIsVisible = 0;
			defaultConfigurationName = Release;
		};
		1E188208299A2DCA00359450 /* Build configuration list for PBXNativeTarget "002-Block的循环引用" */ = {
			isa = XCConfigurationList;
			buildConfigurations = (
				1E188209299A2DCA00359450 /* Debug */,
				1E18820A299A2DCA00359450 /* Release */,
			);
			defaultConfigurationIsVisible = 0;
			defaultConfigurationName = Release;
		};
		1E18820B299A2DCA00359450 /* Build configuration list for PBXNativeTarget "002-Block的循环引用Tests" */ = {
			isa = XCConfigurationList;
			buildConfigurations = (
				1E18820C299A2DCA00359450 /* Debug */,
				1E18820D299A2DCA00359450 /* Release */,
			);
			defaultConfigurationIsVisible = 0;
			defaultConfigurationName = Release;
		};
		1E18820E299A2DCA00359450 /* Build configuration list for PBXNativeTarget "002-Block的循环引用UITests" */ = {
			isa = XCConfigurationList;
			buildConfigurations = (
				1E18820F299A2DCA00359450 /* Debug */,
				1E188210299A2DCA00359450 /* Release */,
			);
			defaultConfigurationIsVisible = 0;
			defaultConfigurationName = Release;
		};
/* End XCConfigurationList section */
	};
	rootObject = 1E1881D1299A2DC700359450 /* Project object */;
}
