// !$*UTF8*$!
{
	archiveVersion = 1;
	classes = {
	};
	objectVersion = 56;
	objects = {

/* Begin PBXBuildFile section */
		1E443E8E299DD4CB008D4BC1 /* AppDelegate.m in Sources */ = {isa = PBXBuildFile; fileRef = 1E443E8D299DD4CB008D4BC1 /* AppDelegate.m */; };
		1E443E91299DD4CB008D4BC1 /* SceneDelegate.m in Sources */ = {isa = PBXBuildFile; fileRef = 1E443E90299DD4CB008D4BC1 /* SceneDelegate.m */; };
		1E443E94299DD4CB008D4BC1 /* ViewController.m in Sources */ = {isa = PBXBuildFile; fileRef = 1E443E93299DD4CB008D4BC1 /* ViewController.m */; };
		1E443E97299DD4CB008D4BC1 /* Main.storyboard in Resources */ = {isa = PBXBuildFile; fileRef = 1E443E95299DD4CB008D4BC1 /* Main.storyboard */; };
		1E443E99299DD4CF008D4BC1 /* Assets.xcassets in Resources */ = {isa = PBXBuildFile; fileRef = 1E443E98299DD4CF008D4BC1 /* Assets.xcassets */; };
		1E443E9C299DD4CF008D4BC1 /* LaunchScreen.storyboard in Resources */ = {isa = PBXBuildFile; fileRef = 1E443E9A299DD4CF008D4BC1 /* LaunchScreen.storyboard */; };
		1E443E9F299DD4CF008D4BC1 /* main.m in Sources */ = {isa = PBXBuildFile; fileRef = 1E443E9E299DD4CF008D4BC1 /* main.m */; };
		1E443EA9299DD4D0008D4BC1 /* demo_sortnumTests.m in Sources */ = {isa = PBXBuildFile; fileRef = 1E443EA8299DD4D0008D4BC1 /* demo_sortnumTests.m */; };
		1E443EB3299DD4D0008D4BC1 /* demo_sortnumUITests.m in Sources */ = {isa = PBXBuildFile; fileRef = 1E443EB2299DD4D0008D4BC1 /* demo_sortnumUITests.m */; };
		1E443EB5299DD4D0008D4BC1 /* demo_sortnumUITestsLaunchTests.m in Sources */ = {isa = PBXBuildFile; fileRef = 1E443EB4299DD4D0008D4BC1 /* demo_sortnumUITestsLaunchTests.m */; };
/* End PBXBuildFile section */

/* Begin PBXContainerItemProxy section */
		1E443EA5299DD4D0008D4BC1 /* PBXContainerItemProxy */ = {
			isa = PBXContainerItemProxy;
			containerPortal = 1E443E81299DD4CA008D4BC1 /* Project object */;
			proxyType = 1;
			remoteGlobalIDString = 1E443E88299DD4CB008D4BC1;
			remoteInfo = demo_sortnum;
		};
		1E443EAF299DD4D0008D4BC1 /* PBXContainerItemProxy */ = {
			isa = PBXContainerItemProxy;
			containerPortal = 1E443E81299DD4CA008D4BC1 /* Project object */;
			proxyType = 1;
			remoteGlobalIDString = 1E443E88299DD4CB008D4BC1;
			remoteInfo = demo_sortnum;
		};
/* End PBXContainerItemProxy section */

/* Begin PBXFileReference section */
		1E443E89299DD4CB008D4BC1 /* demo_sortnum.app */ = {isa = PBXFileReference; explicitFileType = wrapper.application; includeInIndex = 0; path = demo_sortnum.app; sourceTree = BUILT_PRODUCTS_DIR; };
		1E443E8C299DD4CB008D4BC1 /* AppDelegate.h */ = {isa = PBXFileReference; lastKnownFileType = sourcecode.c.h; path = AppDelegate.h; sourceTree = "<group>"; };
		1E443E8D299DD4CB008D4BC1 /* AppDelegate.m */ = {isa = PBXFileReference; lastKnownFileType = sourcecode.c.objc; path = AppDelegate.m; sourceTree = "<group>"; };
		1E443E8F299DD4CB008D4BC1 /* SceneDelegate.h */ = {isa = PBXFileReference; lastKnownFileType = sourcecode.c.h; path = SceneDelegate.h; sourceTree = "<group>"; };
		1E443E90299DD4CB008D4BC1 /* SceneDelegate.m */ = {isa = PBXFileReference; lastKnownFileType = sourcecode.c.objc; path = SceneDelegate.m; sourceTree = "<group>"; };
		1E443E92299DD4CB008D4BC1 /* ViewController.h */ = {isa = PBXFileReference; lastKnownFileType = sourcecode.c.h; path = ViewController.h; sourceTree = "<group>"; };
		1E443E93299DD4CB008D4BC1 /* ViewController.m */ = {isa = PBXFileReference; lastKnownFileType = sourcecode.c.objc; path = ViewController.m; sourceTree = "<group>"; };
		1E443E96299DD4CB008D4BC1 /* Base */ = {isa = PBXFileReference; lastKnownFileType = file.storyboard; name = Base; path = Base.lproj/Main.storyboard; sourceTree = "<group>"; };
		1E443E98299DD4CF008D4BC1 /* Assets.xcassets */ = {isa = PBXFileReference; lastKnownFileType = folder.assetcatalog; path = Assets.xcassets; sourceTree = "<group>"; };
		1E443E9B299DD4CF008D4BC1 /* Base */ = {isa = PBXFileReference; lastKnownFileType = file.storyboard; name = Base; path = Base.lproj/LaunchScreen.storyboard; sourceTree = "<group>"; };
		1E443E9D299DD4CF008D4BC1 /* Info.plist */ = {isa = PBXFileReference; lastKnownFileType = text.plist.xml; path = Info.plist; sourceTree = "<group>"; };
		1E443E9E299DD4CF008D4BC1 /* main.m */ = {isa = PBXFileReference; lastKnownFileType = sourcecode.c.objc; path = main.m; sourceTree = "<group>"; };
		1E443EA4299DD4D0008D4BC1 /* demo_sortnumTests.xctest */ = {isa = PBXFileReference; explicitFileType = wrapper.cfbundle; includeInIndex = 0; path = demo_sortnumTests.xctest; sourceTree = BUILT_PRODUCTS_DIR; };
		1E443EA8299DD4D0008D4BC1 /* demo_sortnumTests.m */ = {isa = PBXFileReference; lastKnownFileType = sourcecode.c.objc; path = demo_sortnumTests.m; sourceTree = "<group>"; };
		1E443EAE299DD4D0008D4BC1 /* demo_sortnumUITests.xctest */ = {isa = PBXFileReference; explicitFileType = wrapper.cfbundle; includeInIndex = 0; path = demo_sortnumUITests.xctest; sourceTree = BUILT_PRODUCTS_DIR; };
		1E443EB2299DD4D0008D4BC1 /* demo_sortnumUITests.m */ = {isa = PBXFileReference; lastKnownFileType = sourcecode.c.objc; path = demo_sortnumUITests.m; sourceTree = "<group>"; };
		1E443EB4299DD4D0008D4BC1 /* demo_sortnumUITestsLaunchTests.m */ = {isa = PBXFileReference; lastKnownFileType = sourcecode.c.objc; path = demo_sortnumUITestsLaunchTests.m; sourceTree = "<group>"; };
/* End PBXFileReference section */

/* Begin PBXFrameworksBuildPhase section */
		1E443E86299DD4CB008D4BC1 /* Frameworks */ = {
			isa = PBXFrameworksBuildPhase;
			buildActionMask = 2147483647;
			files = (
			);
			runOnlyForDeploymentPostprocessing = 0;
		};
		1E443EA1299DD4D0008D4BC1 /* Frameworks */ = {
			isa = PBXFrameworksBuildPhase;
			buildActionMask = 2147483647;
			files = (
			);
			runOnlyForDeploymentPostprocessing = 0;
		};
		1E443EAB299DD4D0008D4BC1 /* Frameworks */ = {
			isa = PBXFrameworksBuildPhase;
			buildActionMask = 2147483647;
			files = (
			);
			runOnlyForDeploymentPostprocessing = 0;
		};
/* End PBXFrameworksBuildPhase section */

/* Begin PBXGroup section */
		1E443E80299DD4CA008D4BC1 = {
			isa = PBXGroup;
			children = (
				1E443E8B299DD4CB008D4BC1 /* demo_sortnum */,
				1E443EA7299DD4D0008D4BC1 /* demo_sortnumTests */,
				1E443EB1299DD4D0008D4BC1 /* demo_sortnumUITests */,
				1E443E8A299DD4CB008D4BC1 /* Products */,
			);
			sourceTree = "<group>";
		};
		1E443E8A299DD4CB008D4BC1 /* Products */ = {
			isa = PBXGroup;
			children = (
				1E443E89299DD4CB008D4BC1 /* demo_sortnum.app */,
				1E443EA4299DD4D0008D4BC1 /* demo_sortnumTests.xctest */,
				1E443EAE299DD4D0008D4BC1 /* demo_sortnumUITests.xctest */,
			);
			name = Products;
			sourceTree = "<group>";
		};
		1E443E8B299DD4CB008D4BC1 /* demo_sortnum */ = {
			isa = PBXGroup;
			children = (
				1E443E8C299DD4CB008D4BC1 /* AppDelegate.h */,
				1E443E8D299DD4CB008D4BC1 /* AppDelegate.m */,
				1E443E8F299DD4CB008D4BC1 /* SceneDelegate.h */,
				1E443E90299DD4CB008D4BC1 /* SceneDelegate.m */,
				1E443E92299DD4CB008D4BC1 /* ViewController.h */,
				1E443E93299DD4CB008D4BC1 /* ViewController.m */,
				1E443E95299DD4CB008D4BC1 /* Main.storyboard */,
				1E443E98299DD4CF008D4BC1 /* Assets.xcassets */,
				1E443E9A299DD4CF008D4BC1 /* LaunchScreen.storyboard */,
				1E443E9D299DD4CF008D4BC1 /* Info.plist */,
				1E443E9E299DD4CF008D4BC1 /* main.m */,
			);
			path = demo_sortnum;
			sourceTree = "<group>";
		};
		1E443EA7299DD4D0008D4BC1 /* demo_sortnumTests */ = {
			isa = PBXGroup;
			children = (
				1E443EA8299DD4D0008D4BC1 /* demo_sortnumTests.m */,
			);
			path = demo_sortnumTests;
			sourceTree = "<group>";
		};
		1E443EB1299DD4D0008D4BC1 /* demo_sortnumUITests */ = {
			isa = PBXGroup;
			children = (
				1E443EB2299DD4D0008D4BC1 /* demo_sortnumUITests.m */,
				1E443EB4299DD4D0008D4BC1 /* demo_sortnumUITestsLaunchTests.m */,
			);
			path = demo_sortnumUITests;
			sourceTree = "<group>";
		};
/* End PBXGroup section */

/* Begin PBXNativeTarget section */
		1E443E88299DD4CB008D4BC1 /* demo_sortnum */ = {
			isa = PBXNativeTarget;
			buildConfigurationList = 1E443EB8299DD4D0008D4BC1 /* Build configuration list for PBXNativeTarget "demo_sortnum" */;
			buildPhases = (
				1E443E85299DD4CB008D4BC1 /* Sources */,
				1E443E86299DD4CB008D4BC1 /* Frameworks */,
				1E443E87299DD4CB008D4BC1 /* Resources */,
			);
			buildRules = (
			);
			dependencies = (
			);
			name = demo_sortnum;
			productName = demo_sortnum;
			productReference = 1E443E89299DD4CB008D4BC1 /* demo_sortnum.app */;
			productType = "com.apple.product-type.application";
		};
		1E443EA3299DD4D0008D4BC1 /* demo_sortnumTests */ = {
			isa = PBXNativeTarget;
			buildConfigurationList = 1E443EBB299DD4D0008D4BC1 /* Build configuration list for PBXNativeTarget "demo_sortnumTests" */;
			buildPhases = (
				1E443EA0299DD4D0008D4BC1 /* Sources */,
				1E443EA1299DD4D0008D4BC1 /* Frameworks */,
				1E443EA2299DD4D0008D4BC1 /* Resources */,
			);
			buildRules = (
			);
			dependencies = (
				1E443EA6299DD4D0008D4BC1 /* PBXTargetDependency */,
			);
			name = demo_sortnumTests;
			productName = demo_sortnumTests;
			productReference = 1E443EA4299DD4D0008D4BC1 /* demo_sortnumTests.xctest */;
			productType = "com.apple.product-type.bundle.unit-test";
		};
		1E443EAD299DD4D0008D4BC1 /* demo_sortnumUITests */ = {
			isa = PBXNativeTarget;
			buildConfigurationList = 1E443EBE299DD4D0008D4BC1 /* Build configuration list for PBXNativeTarget "demo_sortnumUITests" */;
			buildPhases = (
				1E443EAA299DD4D0008D4BC1 /* Sources */,
				1E443EAB299DD4D0008D4BC1 /* Frameworks */,
				1E443EAC299DD4D0008D4BC1 /* Resources */,
			);
			buildRules = (
			);
			dependencies = (
				1E443EB0299DD4D0008D4BC1 /* PBXTargetDependency */,
			);
			name = demo_sortnumUITests;
			productName = demo_sortnumUITests;
			productReference = 1E443EAE299DD4D0008D4BC1 /* demo_sortnumUITests.xctest */;
			productType = "com.apple.product-type.bundle.ui-testing";
		};
/* End PBXNativeTarget section */

/* Begin PBXProject section */
		1E443E81299DD4CA008D4BC1 /* Project object */ = {
			isa = PBXProject;
			attributes = {
				BuildIndependentTargetsInParallel = 1;
				LastUpgradeCheck = 1420;
				TargetAttributes = {
					1E443E88299DD4CB008D4BC1 = {
						CreatedOnToolsVersion = 14.2;
					};
					1E443EA3299DD4D0008D4BC1 = {
						CreatedOnToolsVersion = 14.2;
						TestTargetID = 1E443E88299DD4CB008D4BC1;
					};
					1E443EAD299DD4D0008D4BC1 = {
						CreatedOnToolsVersion = 14.2;
						TestTargetID = 1E443E88299DD4CB008D4BC1;
					};
				};
			};
			buildConfigurationList = 1E443E84299DD4CA008D4BC1 /* Build configuration list for PBXProject "demo_sortnum" */;
			compatibilityVersion = "Xcode 14.0";
			developmentRegion = en;
			hasScannedForEncodings = 0;
			knownRegions = (
				en,
				Base,
			);
			mainGroup = 1E443E80299DD4CA008D4BC1;
			productRefGroup = 1E443E8A299DD4CB008D4BC1 /* Products */;
			projectDirPath = "";
			projectRoot = "";
			targets = (
				1E443E88299DD4CB008D4BC1 /* demo_sortnum */,
				1E443EA3299DD4D0008D4BC1 /* demo_sortnumTests */,
				1E443EAD299DD4D0008D4BC1 /* demo_sortnumUITests */,
			);
		};
/* End PBXProject section */

/* Begin PBXResourcesBuildPhase section */
		1E443E87299DD4CB008D4BC1 /* Resources */ = {
			isa = PBXResourcesBuildPhase;
			buildActionMask = 2147483647;
			files = (
				1E443E9C299DD4CF008D4BC1 /* LaunchScreen.storyboard in Resources */,
				1E443E99299DD4CF008D4BC1 /* Assets.xcassets in Resources */,
				1E443E97299DD4CB008D4BC1 /* Main.storyboard in Resources */,
			);
			runOnlyForDeploymentPostprocessing = 0;
		};
		1E443EA2299DD4D0008D4BC1 /* Resources */ = {
			isa = PBXResourcesBuildPhase;
			buildActionMask = 2147483647;
			files = (
			);
			runOnlyForDeploymentPostprocessing = 0;
		};
		1E443EAC299DD4D0008D4BC1 /* Resources */ = {
			isa = PBXResourcesBuildPhase;
			buildActionMask = 2147483647;
			files = (
			);
			runOnlyForDeploymentPostprocessing = 0;
		};
/* End PBXResourcesBuildPhase section */

/* Begin PBXSourcesBuildPhase section */
		1E443E85299DD4CB008D4BC1 /* Sources */ = {
			isa = PBXSourcesBuildPhase;
			buildActionMask = 2147483647;
			files = (
				1E443E94299DD4CB008D4BC1 /* ViewController.m in Sources */,
				1E443E8E299DD4CB008D4BC1 /* AppDelegate.m in Sources */,
				1E443E9F299DD4CF008D4BC1 /* main.m in Sources */,
				1E443E91299DD4CB008D4BC1 /* SceneDelegate.m in Sources */,
			);
			runOnlyForDeploymentPostprocessing = 0;
		};
		1E443EA0299DD4D0008D4BC1 /* Sources */ = {
			isa = PBXSourcesBuildPhase;
			buildActionMask = 2147483647;
			files = (
				1E443EA9299DD4D0008D4BC1 /* demo_sortnumTests.m in Sources */,
			);
			runOnlyForDeploymentPostprocessing = 0;
		};
		1E443EAA299DD4D0008D4BC1 /* Sources */ = {
			isa = PBXSourcesBuildPhase;
			buildActionMask = 2147483647;
			files = (
				1E443EB5299DD4D0008D4BC1 /* demo_sortnumUITestsLaunchTests.m in Sources */,
				1E443EB3299DD4D0008D4BC1 /* demo_sortnumUITests.m in Sources */,
			);
			runOnlyForDeploymentPostprocessing = 0;
		};
/* End PBXSourcesBuildPhase section */

/* Begin PBXTargetDependency section */
		1E443EA6299DD4D0008D4BC1 /* PBXTargetDependency */ = {
			isa = PBXTargetDependency;
			target = 1E443E88299DD4CB008D4BC1 /* demo_sortnum */;
			targetProxy = 1E443EA5299DD4D0008D4BC1 /* PBXContainerItemProxy */;
		};
		1E443EB0299DD4D0008D4BC1 /* PBXTargetDependency */ = {
			isa = PBXTargetDependency;
			target = 1E443E88299DD4CB008D4BC1 /* demo_sortnum */;
			targetProxy = 1E443EAF299DD4D0008D4BC1 /* PBXContainerItemProxy */;
		};
/* End PBXTargetDependency section */

/* Begin PBXVariantGroup section */
		1E443E95299DD4CB008D4BC1 /* Main.storyboard */ = {
			isa = PBXVariantGroup;
			children = (
				1E443E96299DD4CB008D4BC1 /* Base */,
			);
			name = Main.storyboard;
			sourceTree = "<group>";
		};
		1E443E9A299DD4CF008D4BC1 /* LaunchScreen.storyboard */ = {
			isa = PBXVariantGroup;
			children = (
				1E443E9B299DD4CF008D4BC1 /* Base */,
			);
			name = LaunchScreen.storyboard;
			sourceTree = "<group>";
		};
/* End PBXVariantGroup section */

/* Begin XCBuildConfiguration section */
		1E443EB6299DD4D0008D4BC1 /* Debug */ = {
			isa = XCBuildConfiguration;
			buildSettings = {
				ALWAYS_SEARCH_USER_PATHS = NO;
				CLANG_ANALYZER_NONNULL = YES;
				CLANG_ANALYZER_NUMBER_OBJECT_CONVERSION = YES_AGGRESSIVE;
				CLANG_CXX_LANGUAGE_STANDARD = "gnu++20";
				CLANG_ENABLE_MODULES = YES;
				CLANG_ENABLE_OBJC_ARC = YES;
				CLANG_ENABLE_OBJC_WEAK = YES;
				CLANG_WARN_BLOCK_CAPTURE_AUTORELEASING = YES;
				CLANG_WARN_BOOL_CONVERSION = YES;
				CLANG_WARN_COMMA = YES;
				CLANG_WARN_CONSTANT_CONVERSION = YES;
				CLANG_WARN_DEPRECATED_OBJC_IMPLEMENTATIONS = YES;
				CLANG_WARN_DIRECT_OBJC_ISA_USAGE = YES_ERROR;
				CLANG_WARN_DOCUMENTATION_COMMENTS = YES;
				CLANG_WARN_EMPTY_BODY = YES;
				CLANG_WARN_ENUM_CONVERSION = YES;
				CLANG_WARN_INFINITE_RECURSION = YES;
				CLANG_WARN_INT_CONVERSION = YES;
				CLANG_WARN_NON_LITERAL_NULL_CONVERSION = YES;
				CLANG_WARN_OBJC_IMPLICIT_RETAIN_SELF = YES;
				CLANG_WARN_OBJC_LITERAL_CONVERSION = YES;
				CLANG_WARN_OBJC_ROOT_CLASS = YES_ERROR;
				CLANG_WARN_QUOTED_INCLUDE_IN_FRAMEWORK_HEADER = YES;
				CLANG_WARN_RANGE_LOOP_ANALYSIS = YES;
				CLANG_WARN_STRICT_PROTOTYPES = YES;
				CLANG_WARN_SUSPICIOUS_MOVE = YES;
				CLANG_WARN_UNGUARDED_AVAILABILITY = YES_AGGRESSIVE;
				CLANG_WARN_UNREACHABLE_CODE = YES;
				CLANG_WARN__DUPLICATE_METHOD_MATCH = YES;
				COPY_PHASE_STRIP = NO;
				DEBUG_INFORMATION_FORMAT = dwarf;
				ENABLE_STRICT_OBJC_MSGSEND = YES;
				ENABLE_TESTABILITY = YES;
				GCC_C_LANGUAGE_STANDARD = gnu11;
				GCC_DYNAMIC_NO_PIC = NO;
				GCC_NO_COMMON_BLOCKS = YES;
				GCC_OPTIMIZATION_LEVEL = 0;
				GCC_PREPROCESSOR_DEFINITIONS = (
					"DEBUG=1",
					"$(inherited)",
				);
				GCC_WARN_64_TO_32_BIT_CONVERSION = YES;
				GCC_WARN_ABOUT_RETURN_TYPE = YES_ERROR;
				GCC_WARN_UNDECLARED_SELECTOR = YES;
				GCC_WARN_UNINITIALIZED_AUTOS = YES_AGGRESSIVE;
				GCC_WARN_UNUSED_FUNCTION = YES;
				GCC_WARN_UNUSED_VARIABLE = YES;
				IPHONEOS_DEPLOYMENT_TARGET = 16.2;
				MTL_ENABLE_DEBUG_INFO = INCLUDE_SOURCE;
				MTL_FAST_MATH = YES;
				ONLY_ACTIVE_ARCH = YES;
				SDKROOT = iphoneos;
			};
			name = Debug;
		};
		1E443EB7299DD4D0008D4BC1 /* Release */ = {
			isa = XCBuildConfiguration;
			buildSettings = {
				ALWAYS_SEARCH_USER_PATHS = NO;
				CLANG_ANALYZER_NONNULL = YES;
				CLANG_ANALYZER_NUMBER_OBJECT_CONVERSION = YES_AGGRESSIVE;
				CLANG_CXX_LANGUAGE_STANDARD = "gnu++20";
				CLANG_ENABLE_MODULES = YES;
				CLANG_ENABLE_OBJC_ARC = YES;
				CLANG_ENABLE_OBJC_WEAK = YES;
				CLANG_WARN_BLOCK_CAPTURE_AUTORELEASING = YES;
				CLANG_WARN_BOOL_CONVERSION = YES;
				CLANG_WARN_COMMA = YES;
				CLANG_WARN_CONSTANT_CONVERSION = YES;
				CLANG_WARN_DEPRECATED_OBJC_IMPLEMENTATIONS = YES;
				CLANG_WARN_DIRECT_OBJC_ISA_USAGE = YES_ERROR;
				CLANG_WARN_DOCUMENTATION_COMMENTS = YES;
				CLANG_WARN_EMPTY_BODY = YES;
				CLANG_WARN_ENUM_CONVERSION = YES;
				CLANG_WARN_INFINITE_RECURSION = YES;
				CLANG_WARN_INT_CONVERSION = YES;
				CLANG_WARN_NON_LITERAL_NULL_CONVERSION = YES;
				CLANG_WARN_OBJC_IMPLICIT_RETAIN_SELF = YES;
				CLANG_WARN_OBJC_LITERAL_CONVERSION = YES;
				CLANG_WARN_OBJC_ROOT_CLASS = YES_ERROR;
				CLANG_WARN_QUOTED_INCLUDE_IN_FRAMEWORK_HEADER = YES;
				CLANG_WARN_RANGE_LOOP_ANALYSIS = YES;
				CLANG_WARN_STRICT_PROTOTYPES = YES;
				CLANG_WARN_SUSPICIOUS_MOVE = YES;
				CLANG_WARN_UNGUARDED_AVAILABILITY = YES_AGGRESSIVE;
				CLANG_WARN_UNREACHABLE_CODE = YES;
				CLANG_WARN__DUPLICATE_METHOD_MATCH = YES;
				COPY_PHASE_STRIP = NO;
				DEBUG_INFORMATION_FORMAT = "dwarf-with-dsym";
				ENABLE_NS_ASSERTIONS = NO;
				ENABLE_STRICT_OBJC_MSGSEND = YES;
				GCC_C_LANGUAGE_STANDARD = gnu11;
				GCC_NO_COMMON_BLOCKS = YES;
				GCC_WARN_64_TO_32_BIT_CONVERSION = YES;
				GCC_WARN_ABOUT_RETURN_TYPE = YES_ERROR;
				GCC_WARN_UNDECLARED_SELECTOR = YES;
				GCC_WARN_UNINITIALIZED_AUTOS = YES_AGGRESSIVE;
				GCC_WARN_UNUSED_FUNCTION = YES;
				GCC_WARN_UNUSED_VARIABLE = YES;
				IPHONEOS_DEPLOYMENT_TARGET = 16.2;
				MTL_ENABLE_DEBUG_INFO = NO;
				MTL_FAST_MATH = YES;
				SDKROOT = iphoneos;
				VALIDATE_PRODUCT = YES;
			};
			name = Release;
		};
		1E443EB9299DD4D0008D4BC1 /* Debug */ = {
			isa = XCBuildConfiguration;
			buildSettings = {
				ASSETCATALOG_COMPILER_APPICON_NAME = AppIcon;
				ASSETCATALOG_COMPILER_GLOBAL_ACCENT_COLOR_NAME = AccentColor;
				CODE_SIGN_STYLE = Automatic;
				CURRENT_PROJECT_VERSION = 1;
				DEVELOPMENT_TEAM = ZURSBPY7B4;
				GENERATE_INFOPLIST_FILE = YES;
				INFOPLIST_FILE = demo_sortnum/Info.plist;
				INFOPLIST_KEY_UIApplicationSupportsIndirectInputEvents = YES;
				INFOPLIST_KEY_UILaunchStoryboardName = LaunchScreen;
				INFOPLIST_KEY_UIMainStoryboardFile = Main;
				INFOPLIST_KEY_UISupportedInterfaceOrientations_iPad = "UIInterfaceOrientationPortrait UIInterfaceOrientationPortraitUpsideDown UIInterfaceOrientationLandscapeLeft UIInterfaceOrientationLandscapeRight";
				INFOPLIST_KEY_UISupportedInterfaceOrientations_iPhone = "UIInterfaceOrientationPortrait UIInterfaceOrientationLandscapeLeft UIInterfaceOrientationLandscapeRight";
				LD_RUNPATH_SEARCH_PATHS = (
					"$(inherited)",
					"@executable_path/Frameworks",
				);
				MARKETING_VERSION = 1.0;
				PRODUCT_BUNDLE_IDENTIFIER = "com.blockjj.app.demo-sortnum";
				PRODUCT_NAME = "$(TARGET_NAME)";
				SWIFT_EMIT_LOC_STRINGS = YES;
				TARGETED_DEVICE_FAMILY = "1,2";
			};
			name = Debug;
		};
		1E443EBA299DD4D0008D4BC1 /* Release */ = {
			isa = XCBuildConfiguration;
			buildSettings = {
				ASSETCATALOG_COMPILER_APPICON_NAME = AppIcon;
				ASSETCATALOG_COMPILER_GLOBAL_ACCENT_COLOR_NAME = AccentColor;
				CODE_SIGN_STYLE = Automatic;
				CURRENT_PROJECT_VERSION = 1;
				DEVELOPMENT_TEAM = ZURSBPY7B4;
				GENERATE_INFOPLIST_FILE = YES;
				INFOPLIST_FILE = demo_sortnum/Info.plist;
				INFOPLIST_KEY_UIApplicationSupportsIndirectInputEvents = YES;
				INFOPLIST_KEY_UILaunchStoryboardName = LaunchScreen;
				INFOPLIST_KEY_UIMainStoryboardFile = Main;
				INFOPLIST_KEY_UISupportedInterfaceOrientations_iPad = "UIInterfaceOrientationPortrait UIInterfaceOrientationPortraitUpsideDown UIInterfaceOrientationLandscapeLeft UIInterfaceOrientationLandscapeRight";
				INFOPLIST_KEY_UISupportedInterfaceOrientations_iPhone = "UIInterfaceOrientationPortrait UIInterfaceOrientationLandscapeLeft UIInterfaceOrientationLandscapeRight";
				LD_RUNPATH_SEARCH_PATHS = (
					"$(inherited)",
					"@executable_path/Frameworks",
				);
				MARKETING_VERSION = 1.0;
				PRODUCT_BUNDLE_IDENTIFIER = "com.blockjj.app.demo-sortnum";
				PRODUCT_NAME = "$(TARGET_NAME)";
				SWIFT_EMIT_LOC_STRINGS = YES;
				TARGETED_DEVICE_FAMILY = "1,2";
			};
			name = Release;
		};
		1E443EBC299DD4D0008D4BC1 /* Debug */ = {
			isa = XCBuildConfiguration;
			buildSettings = {
				BUNDLE_LOADER = "$(TEST_HOST)";
				CODE_SIGN_STYLE = Automatic;
				CURRENT_PROJECT_VERSION = 1;
				DEVELOPMENT_TEAM = ZURSBPY7B4;
				GENERATE_INFOPLIST_FILE = YES;
				IPHONEOS_DEPLOYMENT_TARGET = 16.2;
				MARKETING_VERSION = 1.0;
				PRODUCT_BUNDLE_IDENTIFIER = "com.blockjj.app.demo-sortnumTests";
				PRODUCT_NAME = "$(TARGET_NAME)";
				SWIFT_EMIT_LOC_STRINGS = NO;
				TARGETED_DEVICE_FAMILY = "1,2";
				TEST_HOST = "$(BUILT_PRODUCTS_DIR)/demo_sortnum.app/$(BUNDLE_EXECUTABLE_FOLDER_PATH)/demo_sortnum";
			};
			name = Debug;
		};
		1E443EBD299DD4D0008D4BC1 /* Release */ = {
			isa = XCBuildConfiguration;
			buildSettings = {
				BUNDLE_LOADER = "$(TEST_HOST)";
				CODE_SIGN_STYLE = Automatic;
				CURRENT_PROJECT_VERSION = 1;
				DEVELOPMENT_TEAM = ZURSBPY7B4;
				GENERATE_INFOPLIST_FILE = YES;
				IPHONEOS_DEPLOYMENT_TARGET = 16.2;
				MARKETING_VERSION = 1.0;
				PRODUCT_BUNDLE_IDENTIFIER = "com.blockjj.app.demo-sortnumTests";
				PRODUCT_NAME = "$(TARGET_NAME)";
				SWIFT_EMIT_LOC_STRINGS = NO;
				TARGETED_DEVICE_FAMILY = "1,2";
				TEST_HOST = "$(BUILT_PRODUCTS_DIR)/demo_sortnum.app/$(BUNDLE_EXECUTABLE_FOLDER_PATH)/demo_sortnum";
			};
			name = Release;
		};
		1E443EBF299DD4D0008D4BC1 /* Debug */ = {
			isa = XCBuildConfiguration;
			buildSettings = {
				CODE_SIGN_STYLE = Automatic;
				CURRENT_PROJECT_VERSION = 1;
				DEVELOPMENT_TEAM = ZURSBPY7B4;
				GENERATE_INFOPLIST_FILE = YES;
				MARKETING_VERSION = 1.0;
				PRODUCT_BUNDLE_IDENTIFIER = "com.blockjj.app.demo-sortnumUITests";
				PRODUCT_NAME = "$(TARGET_NAME)";
				SWIFT_EMIT_LOC_STRINGS = NO;
				TARGETED_DEVICE_FAMILY = "1,2";
				TEST_TARGET_NAME = demo_sortnum;
			};
			name = Debug;
		};
		1E443EC0299DD4D0008D4BC1 /* Release */ = {
			isa = XCBuildConfiguration;
			buildSettings = {
				CODE_SIGN_STYLE = Automatic;
				CURRENT_PROJECT_VERSION = 1;
				DEVELOPMENT_TEAM = ZURSBPY7B4;
				GENERATE_INFOPLIST_FILE = YES;
				MARKETING_VERSION = 1.0;
				PRODUCT_BUNDLE_IDENTIFIER = "com.blockjj.app.demo-sortnumUITests";
				PRODUCT_NAME = "$(TARGET_NAME)";
				SWIFT_EMIT_LOC_STRINGS = NO;
				TARGETED_DEVICE_FAMILY = "1,2";
				TEST_TARGET_NAME = demo_sortnum;
			};
			name = Release;
		};
/* End XCBuildConfiguration section */

/* Begin XCConfigurationList section */
		1E443E84299DD4CA008D4BC1 /* Build configuration list for PBXProject "demo_sortnum" */ = {
			isa = XCConfigurationList;
			buildConfigurations = (
				1E443EB6299DD4D0008D4BC1 /* Debug */,
				1E443EB7299DD4D0008D4BC1 /* Release */,
			);
			defaultConfigurationIsVisible = 0;
			defaultConfigurationName = Release;
		};
		1E443EB8299DD4D0008D4BC1 /* Build configuration list for PBXNativeTarget "demo_sortnum" */ = {
			isa = XCConfigurationList;
			buildConfigurations = (
				1E443EB9299DD4D0008D4BC1 /* Debug */,
				1E443EBA299DD4D0008D4BC1 /* Release */,
			);
			defaultConfigurationIsVisible = 0;
			defaultConfigurationName = Release;
		};
		1E443EBB299DD4D0008D4BC1 /* Build configuration list for PBXNativeTarget "demo_sortnumTests" */ = {
			isa = XCConfigurationList;
			buildConfigurations = (
				1E443EBC299DD4D0008D4BC1 /* Debug */,
				1E443EBD299DD4D0008D4BC1 /* Release */,
			);
			defaultConfigurationIsVisible = 0;
			defaultConfigurationName = Release;
		};
		1E443EBE299DD4D0008D4BC1 /* Build configuration list for PBXNativeTarget "demo_sortnumUITests" */ = {
			isa = XCConfigurationList;
			buildConfigurations = (
				1E443EBF299DD4D0008D4BC1 /* Debug */,
				1E443EC0299DD4D0008D4BC1 /* Release */,
			);
			defaultConfigurationIsVisible = 0;
			defaultConfigurationName = Release;
		};
/* End XCConfigurationList section */
	};
	rootObject = 1E443E81299DD4CA008D4BC1 /* Project object */;
}
